// !$*UTF8*$!
{
	archiveVersion = 1;
	classes = {
	};
	objectVersion = 46;
	objects = {

/* Begin PBXBuildFile section */
		4CA16C8060A4C85C3C988A2C /* Pods_VCSReplayBroadcastUpload.framework in Frameworks */ = {isa = PBXBuildFile; fileRef = 0C534E2CB31713F30517F227 /* Pods_VCSReplayBroadcastUpload.framework */; };
		EC3A4E40AFD4135E2E45497A /* Pods_VCSModuleExample.framework in Frameworks */ = {isa = PBXBuildFile; fileRef = 7FD5CBDBFBF598E597859C3D /* Pods_VCSModuleExample.framework */; };
		F40B619D26C27D0C00F42370 /* AppIcon.xcassets in Resources */ = {isa = PBXBuildFile; fileRef = F40B5D2A26C27D0A00F42370 /* AppIcon.xcassets */; };
		F40B61A426C27D0C00F42370 /* main.m in Sources */ = {isa = PBXBuildFile; fileRef = F40B5D3426C27D0A00F42370 /* main.m */; };
		F40B61A526C27D0C00F42370 /* FWAppDelegate.m in Sources */ = {isa = PBXBuildFile; fileRef = F40B5D3726C27D0A00F42370 /* FWAppDelegate.m */; };
		F40B61CA26C27D0C00F42370 /* FWToastBridge.m in Sources */ = {isa = PBXBuildFile; fileRef = F40B5DA026C27D0B00F42370 /* FWToastBridge.m */; };
		F40B633B26C27D0D00F42370 /* FWBaseViewController.m in Sources */ = {isa = PBXBuildFile; fileRef = F40B618626C27D0C00F42370 /* FWBaseViewController.m */; };
		F40B633C26C27D0D00F42370 /* FWBaseNavigationViewController.m in Sources */ = {isa = PBXBuildFile; fileRef = F40B618726C27D0C00F42370 /* FWBaseNavigationViewController.m */; };
		F40B633F26C2901F00F42370 /* VCSModuleExample-Info.plist in Resources */ = {isa = PBXBuildFile; fileRef = F40B633E26C2901F00F42370 /* VCSModuleExample-Info.plist */; };
		F40B634326C292DB00F42370 /* LaunchScreen.storyboard in Resources */ = {isa = PBXBuildFile; fileRef = F40B634126C292C000F42370 /* LaunchScreen.storyboard */; };
		F4219D2C29AD988C0069483A /* CALayer+Extension.m in Sources */ = {isa = PBXBuildFile; fileRef = F4219D2B29AD988C0069483A /* CALayer+Extension.m */; };
		F4219D3829ADABAB0069483A /* UIScrollView+AutoHeight.m in Sources */ = {isa = PBXBuildFile; fileRef = F4219D3529ADABAB0069483A /* UIScrollView+AutoHeight.m */; };
		F4219D3929ADABAB0069483A /* UITextView+AutoHeight.m in Sources */ = {isa = PBXBuildFile; fileRef = F4219D3629ADABAB0069483A /* UITextView+AutoHeight.m */; };
		F4219D5229ADD2530069483A /* FWDateBridge.m in Sources */ = {isa = PBXBuildFile; fileRef = F4219D5129ADD2530069483A /* FWDateBridge.m */; };
		F4219D5529ADD78E0069483A /* UIView+Extension.m in Sources */ = {isa = PBXBuildFile; fileRef = F4219D5429ADD78E0069483A /* UIView+Extension.m */; };
		F43AD83A2727EE670056B3EE /* FWConstants.m in Sources */ = {isa = PBXBuildFile; fileRef = F43AD8392727EE670056B3EE /* FWConstants.m */; };
		F43AD8592728EF4D0056B3EE /* FWEntryBridge.m in Sources */ = {isa = PBXBuildFile; fileRef = F43AD8582728EF4D0056B3EE /* FWEntryBridge.m */; };
		F45C830C27D6F50D008EEA31 /* Room.xcassets in Resources */ = {isa = PBXBuildFile; fileRef = F45C830B27D6F50D008EEA31 /* Room.xcassets */; };
		F47FD37B2BCE6F28006579F2 /* FWLoginViewController.m in Sources */ = {isa = PBXBuildFile; fileRef = F47FD3792BCE6F28006579F2 /* FWLoginViewController.m */; };
		F47FD37C2BCE6F28006579F2 /* FWLoginViewController.xib in Resources */ = {isa = PBXBuildFile; fileRef = F47FD37A2BCE6F28006579F2 /* FWLoginViewController.xib */; };
		F47FD37F2BCE7443006579F2 /* FWLoginModel.m in Sources */ = {isa = PBXBuildFile; fileRef = F47FD37E2BCE7443006579F2 /* FWLoginModel.m */; };
		F47FD3872BCE7E35006579F2 /* FWDrawingConfigViewController.m in Sources */ = {isa = PBXBuildFile; fileRef = F47FD3812BCE7E35006579F2 /* FWDrawingConfigViewController.m */; };
		F47FD3882BCE7E35006579F2 /* FWDrawingConfigViewController.xib in Resources */ = {isa = PBXBuildFile; fileRef = F47FD3822BCE7E35006579F2 /* FWDrawingConfigViewController.xib */; };
		F47FD3892BCE7E35006579F2 /* FWDrawingViewController.m in Sources */ = {isa = PBXBuildFile; fileRef = F47FD3842BCE7E35006579F2 /* FWDrawingViewController.m */; };
		F47FD38A2BCE7E35006579F2 /* FWDrawingViewController.xib in Resources */ = {isa = PBXBuildFile; fileRef = F47FD3852BCE7E35006579F2 /* FWDrawingViewController.xib */; };
		F47FD3942BCE7EFA006579F2 /* FWHomeViewController.m in Sources */ = {isa = PBXBuildFile; fileRef = F47FD38F2BCE7EFA006579F2 /* FWHomeViewController.m */; };
		F47FD3952BCE7EFA006579F2 /* FWHomeViewController.xib in Resources */ = {isa = PBXBuildFile; fileRef = F47FD3902BCE7EFA006579F2 /* FWHomeViewController.xib */; };
		F47FD39B2BCE7FBC006579F2 /* FWServeConfigViewController.m in Sources */ = {isa = PBXBuildFile; fileRef = F47FD3992BCE7FBC006579F2 /* FWServeConfigViewController.m */; };
		F47FD39C2BCE7FBC006579F2 /* FWServeConfigViewController.xib in Resources */ = {isa = PBXBuildFile; fileRef = F47FD39A2BCE7FBC006579F2 /* FWServeConfigViewController.xib */; };
		F47FD3A32BCE80F4006579F2 /* FWScreenCastingViewController.m in Sources */ = {isa = PBXBuildFile; fileRef = F47FD39E2BCE80F4006579F2 /* FWScreenCastingViewController.m */; };
		F47FD3A42BCE80F4006579F2 /* FWScreenCastingViewController.xib in Resources */ = {isa = PBXBuildFile; fileRef = F47FD39F2BCE80F4006579F2 /* FWScreenCastingViewController.xib */; };
		F47FD3A52BCE80F4006579F2 /* FWScreenCastingViewModel.m in Sources */ = {isa = PBXBuildFile; fileRef = F47FD3A12BCE80F4006579F2 /* FWScreenCastingViewModel.m */; };
		F47FD3A92BCE8201006579F2 /* FWCastingBridge.m in Sources */ = {isa = PBXBuildFile; fileRef = F47FD3A72BCE8201006579F2 /* FWCastingBridge.m */; };
		F47FD3AE2BCE99E1006579F2 /* FWRegisterViewController.m in Sources */ = {isa = PBXBuildFile; fileRef = F47FD3AC2BCE99E1006579F2 /* FWRegisterViewController.m */; };
		F47FD3AF2BCE99E1006579F2 /* FWRegisterViewController.xib in Resources */ = {isa = PBXBuildFile; fileRef = F47FD3AD2BCE99E1006579F2 /* FWRegisterViewController.xib */; };
		F47FD3C52BCF6284006579F2 /* FWSpeedTestResultHeaderTableViewCell.m in Sources */ = {isa = PBXBuildFile; fileRef = F47FD3B12BCF6284006579F2 /* FWSpeedTestResultHeaderTableViewCell.m */; };
		F47FD3C62BCF6284006579F2 /* FWSpeedTestResultHeaderTableViewCell.xib in Resources */ = {isa = PBXBuildFile; fileRef = F47FD3B22BCF6284006579F2 /* FWSpeedTestResultHeaderTableViewCell.xib */; };
		F47FD3C72BCF6284006579F2 /* FWSpeedTestResultTableViewCell.m in Sources */ = {isa = PBXBuildFile; fileRef = F47FD3B42BCF6284006579F2 /* FWSpeedTestResultTableViewCell.m */; };
		F47FD3C82BCF6284006579F2 /* FWSpeedTestResultTableViewCell.xib in Resources */ = {isa = PBXBuildFile; fileRef = F47FD3B52BCF6284006579F2 /* FWSpeedTestResultTableViewCell.xib */; };
		F47FD3C92BCF6284006579F2 /* FWSpeedTestRippleView.m in Sources */ = {isa = PBXBuildFile; fileRef = F47FD3B72BCF6284006579F2 /* FWSpeedTestRippleView.m */; };
		F47FD3CA2BCF6284006579F2 /* FWSpeedTestSpeedCollectionViewCell.m in Sources */ = {isa = PBXBuildFile; fileRef = F47FD3B92BCF6284006579F2 /* FWSpeedTestSpeedCollectionViewCell.m */; };
		F47FD3CB2BCF6284006579F2 /* FWSpeedTestSpeedCollectionViewCell.xib in Resources */ = {isa = PBXBuildFile; fileRef = F47FD3BA2BCF6284006579F2 /* FWSpeedTestSpeedCollectionViewCell.xib */; };
		F47FD3CC2BCF6284006579F2 /* FWSpeedTestSpeedTableViewCell.m in Sources */ = {isa = PBXBuildFile; fileRef = F47FD3BC2BCF6284006579F2 /* FWSpeedTestSpeedTableViewCell.m */; };
		F47FD3CD2BCF6284006579F2 /* FWSpeedTestSpeedTableViewCell.xib in Resources */ = {isa = PBXBuildFile; fileRef = F47FD3BD2BCF6284006579F2 /* FWSpeedTestSpeedTableViewCell.xib */; };
		F47FD3CE2BCF6284006579F2 /* FWSpeedTestTableViewCell.m in Sources */ = {isa = PBXBuildFile; fileRef = F47FD3BF2BCF6284006579F2 /* FWSpeedTestTableViewCell.m */; };
		F47FD3CF2BCF6284006579F2 /* FWSpeedTestTableViewCell.xib in Resources */ = {isa = PBXBuildFile; fileRef = F47FD3C02BCF6284006579F2 /* FWSpeedTestTableViewCell.xib */; };
		F47FD3D02BCF6284006579F2 /* FWSpeedTestViewController.m in Sources */ = {isa = PBXBuildFile; fileRef = F47FD3C22BCF6284006579F2 /* FWSpeedTestViewController.m */; };
		F47FD3D12BCF6284006579F2 /* FWSpeedTestViewController.xib in Resources */ = {isa = PBXBuildFile; fileRef = F47FD3C32BCF6284006579F2 /* FWSpeedTestViewController.xib */; };
		F47FD3D72BCF79E2006579F2 /* FWRoomCallViewController.m in Sources */ = {isa = PBXBuildFile; fileRef = F47FD3D42BCF79E2006579F2 /* FWRoomCallViewController.m */; };
		F47FD3D82BCF79E2006579F2 /* FWRoomCallViewController.xib in Resources */ = {isa = PBXBuildFile; fileRef = F47FD3D52BCF79E2006579F2 /* FWRoomCallViewController.xib */; };
		F47FD3DC2BCF8AAA006579F2 /* FWIPAddressBridge.m in Sources */ = {isa = PBXBuildFile; fileRef = F47FD3DB2BCF8AAA006579F2 /* FWIPAddressBridge.m */; };
		F47FD3DF2BCF8AB7006579F2 /* FWIPAddressConfig.m in Sources */ = {isa = PBXBuildFile; fileRef = F47FD3DE2BCF8AB7006579F2 /* FWIPAddressConfig.m */; };
		F47FD3E22BCF8DF1006579F2 /* audio_background_task.wav in Resources */ = {isa = PBXBuildFile; fileRef = F47FD3E02BCF8DF1006579F2 /* audio_background_task.wav */; };
		F47FD3F42BCFA5EA006579F2 /* FWMeetingRoomMemberView.m in Sources */ = {isa = PBXBuildFile; fileRef = F47FD3E72BCFA5E9006579F2 /* FWMeetingRoomMemberView.m */; };
		F47FD3F52BCFA5EA006579F2 /* FWMeetingRoomMemberView.xib in Resources */ = {isa = PBXBuildFile; fileRef = F47FD3E82BCFA5E9006579F2 /* FWMeetingRoomMemberView.xib */; };
		F47FD3F62BCFA5EA006579F2 /* FWMeetingRoomMemberWindow.m in Sources */ = {isa = PBXBuildFile; fileRef = F47FD3EA2BCFA5E9006579F2 /* FWMeetingRoomMemberWindow.m */; };
		F47FD3F72BCFA5EA006579F2 /* FWMeetingRoomMemberWindow.xib in Resources */ = {isa = PBXBuildFile; fileRef = F47FD3EB2BCFA5E9006579F2 /* FWMeetingRoomMemberWindow.xib */; };
		F47FD3F82BCFA5EA006579F2 /* FWMeetingRoomModel.m in Sources */ = {isa = PBXBuildFile; fileRef = F47FD3ED2BCFA5E9006579F2 /* FWMeetingRoomModel.m */; };
		F47FD3F92BCFA5EA006579F2 /* FWMeetingRoomViewController.m in Sources */ = {isa = PBXBuildFile; fileRef = F47FD3EF2BCFA5E9006579F2 /* FWMeetingRoomViewController.m */; };
		F47FD3FA2BCFA5EA006579F2 /* FWMeetingRoomViewController.xib in Resources */ = {isa = PBXBuildFile; fileRef = F47FD3F02BCFA5E9006579F2 /* FWMeetingRoomViewController.xib */; };
		F47FD3FD2BCFD07B006579F2 /* FWMeetingRoomMemberStatusView.m in Sources */ = {isa = PBXBuildFile; fileRef = F47FD3FC2BCFD07A006579F2 /* FWMeetingRoomMemberStatusView.m */; };
		F47FD3FF2BCFD083006579F2 /* FWMeetingRoomMemberStatusView.xib in Resources */ = {isa = PBXBuildFile; fileRef = F47FD3FE2BCFD083006579F2 /* FWMeetingRoomMemberStatusView.xib */; };
		F47FD4042BCFF5A7006579F2 /* FWRemoteCanvas.m in Sources */ = {isa = PBXBuildFile; fileRef = F47FD4032BCFF5A7006579F2 /* FWRemoteCanvas.m */; };
		F47FD4072BCFF67F006579F2 /* FWRemoteSession.m in Sources */ = {isa = PBXBuildFile; fileRef = F47FD4062BCFF67F006579F2 /* FWRemoteSession.m */; };
		F482EEF829B6D0F500815C9C /* FWBaseModel.m in Sources */ = {isa = PBXBuildFile; fileRef = F482EEF729B6D0F500815C9C /* FWBaseModel.m */; };
		F482EEFB29B6D15200815C9C /* FWNetworkBridge.m in Sources */ = {isa = PBXBuildFile; fileRef = F482EEFA29B6D15200815C9C /* FWNetworkBridge.m */; };
		F482EF0229B6DF9900815C9C /* FWToolBridge.m in Sources */ = {isa = PBXBuildFile; fileRef = F482EF0129B6DF9900815C9C /* FWToolBridge.m */; };
		F482EF2A29BEE2D900815C9C /* FWEnum.m in Sources */ = {isa = PBXBuildFile; fileRef = F482EF2929BEE2D900815C9C /* FWEnum.m */; };
		F482EF2E29BF286A00815C9C /* FWLogTraceBridge.m in Sources */ = {isa = PBXBuildFile; fileRef = F482EF2D29BF286A00815C9C /* FWLogTraceBridge.m */; };
		F482EF3429C4187F00815C9C /* NSString+Extension.m in Sources */ = {isa = PBXBuildFile; fileRef = F482EF3329C4187F00815C9C /* NSString+Extension.m */; };
		F4AA779B288AA21900EBC0E7 /* SampleHandler.m in Sources */ = {isa = PBXBuildFile; fileRef = F4AA779A288AA21900EBC0E7 /* SampleHandler.m */; };
		F4AA77AF288AA21900EBC0E7 /* VCSReplayBroadcastUpload.appex in Embed App Extensions */ = {isa = PBXBuildFile; fileRef = F4AA7795288AA21900EBC0E7 /* VCSReplayBroadcastUpload.appex */; settings = {ATTRIBUTES = (RemoveHeadersOnCopy, ); }; };
		F4C417C029B1A85900A7EBCB /* FWTimerBridge.m in Sources */ = {isa = PBXBuildFile; fileRef = F4C417BF29B1A85900A7EBCB /* FWTimerBridge.m */; };
		F4DA7C8B27279E62003FDE9B /* Common.xcassets in Resources */ = {isa = PBXBuildFile; fileRef = F4DA7C8A27279E62003FDE9B /* Common.xcassets */; };
/* End PBXBuildFile section */

/* Begin PBXContainerItemProxy section */
		F4AA77AD288AA21900EBC0E7 /* PBXContainerItemProxy */ = {
			isa = PBXContainerItemProxy;
			containerPortal = F40B5CE226C27A6C00F42370 /* Project object */;
			proxyType = 1;
			remoteGlobalIDString = F4AA7794288AA21900EBC0E7;
			remoteInfo = RTCReplayBroadcastUpload;
		};
/* End PBXContainerItemProxy section */

/* Begin PBXCopyFilesBuildPhase section */
		F4124C04289A5D200075EB82 /* Embed Frameworks */ = {
			isa = PBXCopyFilesBuildPhase;
			buildActionMask = 2147483647;
			dstPath = "";
			dstSubfolderSpec = 10;
			files = (
			);
			name = "Embed Frameworks";
			runOnlyForDeploymentPostprocessing = 0;
		};
		F465538A289BA66A00EF2CA8 /* Embed Frameworks */ = {
			isa = PBXCopyFilesBuildPhase;
			buildActionMask = 2147483647;
			dstPath = "";
			dstSubfolderSpec = 10;
			files = (
			);
			name = "Embed Frameworks";
			runOnlyForDeploymentPostprocessing = 0;
		};
		F4AA77B0288AA21900EBC0E7 /* Embed App Extensions */ = {
			isa = PBXCopyFilesBuildPhase;
			buildActionMask = 2147483647;
			dstPath = "";
			dstSubfolderSpec = 13;
			files = (
				F4AA77AF288AA21900EBC0E7 /* VCSReplayBroadcastUpload.appex in Embed App Extensions */,
			);
			name = "Embed App Extensions";
			runOnlyForDeploymentPostprocessing = 0;
		};
/* End PBXCopyFilesBuildPhase section */

/* Begin PBXFileReference section */
		0C534E2CB31713F30517F227 /* Pods_VCSReplayBroadcastUpload.framework */ = {isa = PBXFileReference; explicitFileType = wrapper.framework; includeInIndex = 0; path = Pods_VCSReplayBroadcastUpload.framework; sourceTree = BUILT_PRODUCTS_DIR; };
		1003380791BC9E513B61B8F9 /* Pods-VCSModuleExample.release.xcconfig */ = {isa = PBXFileReference; includeInIndex = 1; lastKnownFileType = text.xcconfig; name = "Pods-VCSModuleExample.release.xcconfig"; path = "Target Support Files/Pods-VCSModuleExample/Pods-VCSModuleExample.release.xcconfig"; sourceTree = "<group>"; };
		34F5E593E785A59B655156EB /* Pods-RTCReplayBroadcastUploadSetupUI.adhoc.xcconfig */ = {isa = PBXFileReference; includeInIndex = 1; lastKnownFileType = text.xcconfig; name = "Pods-RTCReplayBroadcastUploadSetupUI.adhoc.xcconfig"; path = "Target Support Files/Pods-RTCReplayBroadcastUploadSetupUI/Pods-RTCReplayBroadcastUploadSetupUI.adhoc.xcconfig"; sourceTree = "<group>"; };
		36ED4C3490E9C26CA3BDC300 /* Pods-RTCEngineExample.debug.xcconfig */ = {isa = PBXFileReference; includeInIndex = 1; lastKnownFileType = text.xcconfig; name = "Pods-RTCEngineExample.debug.xcconfig"; path = "Target Support Files/Pods-RTCEngineExample/Pods-RTCEngineExample.debug.xcconfig"; sourceTree = "<group>"; };
		59720EABF86016000D76241C /* Pods-VCSReplayBroadcastUpload.adhoc.xcconfig */ = {isa = PBXFileReference; includeInIndex = 1; lastKnownFileType = text.xcconfig; name = "Pods-VCSReplayBroadcastUpload.adhoc.xcconfig"; path = "Target Support Files/Pods-VCSReplayBroadcastUpload/Pods-VCSReplayBroadcastUpload.adhoc.xcconfig"; sourceTree = "<group>"; };
		748CDDE68DF0A78CA0F46696 /* Pods-RTCReplayBroadcastUploadSetupUI.debug.xcconfig */ = {isa = PBXFileReference; includeInIndex = 1; lastKnownFileType = text.xcconfig; name = "Pods-RTCReplayBroadcastUploadSetupUI.debug.xcconfig"; path = "Target Support Files/Pods-RTCReplayBroadcastUploadSetupUI/Pods-RTCReplayBroadcastUploadSetupUI.debug.xcconfig"; sourceTree = "<group>"; };
		7FD5CBDBFBF598E597859C3D /* Pods_VCSModuleExample.framework */ = {isa = PBXFileReference; explicitFileType = wrapper.framework; includeInIndex = 0; path = Pods_VCSModuleExample.framework; sourceTree = BUILT_PRODUCTS_DIR; };
		802F19C1FE26593A35FE739A /* Pods-RTCReplayBroadcastUploadSetupUI.release.xcconfig */ = {isa = PBXFileReference; includeInIndex = 1; lastKnownFileType = text.xcconfig; name = "Pods-RTCReplayBroadcastUploadSetupUI.release.xcconfig"; path = "Target Support Files/Pods-RTCReplayBroadcastUploadSetupUI/Pods-RTCReplayBroadcastUploadSetupUI.release.xcconfig"; sourceTree = "<group>"; };
		8145C4B7A79247CF8DFA8E65 /* Pods-VCSModuleExample.debug.xcconfig */ = {isa = PBXFileReference; includeInIndex = 1; lastKnownFileType = text.xcconfig; name = "Pods-VCSModuleExample.debug.xcconfig"; path = "Target Support Files/Pods-VCSModuleExample/Pods-VCSModuleExample.debug.xcconfig"; sourceTree = "<group>"; };
		828AAD60C24F653D5D0C81CC /* Pods-RTCReplayBroadcastUpload.adhoc.xcconfig */ = {isa = PBXFileReference; includeInIndex = 1; lastKnownFileType = text.xcconfig; name = "Pods-RTCReplayBroadcastUpload.adhoc.xcconfig"; path = "Target Support Files/Pods-RTCReplayBroadcastUpload/Pods-RTCReplayBroadcastUpload.adhoc.xcconfig"; sourceTree = "<group>"; };
		871D2ACD850351A0D8E46357 /* Pods-RTCReplayBroadcastUpload.release.xcconfig */ = {isa = PBXFileReference; includeInIndex = 1; lastKnownFileType = text.xcconfig; name = "Pods-RTCReplayBroadcastUpload.release.xcconfig"; path = "Target Support Files/Pods-RTCReplayBroadcastUpload/Pods-RTCReplayBroadcastUpload.release.xcconfig"; sourceTree = "<group>"; };
		87A37EA1F3406A3FC7AB40F0 /* Pods-VCSReplayBroadcastUpload.release.xcconfig */ = {isa = PBXFileReference; includeInIndex = 1; lastKnownFileType = text.xcconfig; name = "Pods-VCSReplayBroadcastUpload.release.xcconfig"; path = "Target Support Files/Pods-VCSReplayBroadcastUpload/Pods-VCSReplayBroadcastUpload.release.xcconfig"; sourceTree = "<group>"; };
		A64BAD2A16A706DB7851BFE2 /* Pods-RTCEngineExample.release.xcconfig */ = {isa = PBXFileReference; includeInIndex = 1; lastKnownFileType = text.xcconfig; name = "Pods-RTCEngineExample.release.xcconfig"; path = "Target Support Files/Pods-RTCEngineExample/Pods-RTCEngineExample.release.xcconfig"; sourceTree = "<group>"; };
		AF1ACF72D0E0C5A919277CDF /* Pods-RTCReplayBroadcastUpload.debug.xcconfig */ = {isa = PBXFileReference; includeInIndex = 1; lastKnownFileType = text.xcconfig; name = "Pods-RTCReplayBroadcastUpload.debug.xcconfig"; path = "Target Support Files/Pods-RTCReplayBroadcastUpload/Pods-RTCReplayBroadcastUpload.debug.xcconfig"; sourceTree = "<group>"; };
		B46E56B7D6890A090BD344E8 /* Pods-VCSModuleExample.adhoc.xcconfig */ = {isa = PBXFileReference; includeInIndex = 1; lastKnownFileType = text.xcconfig; name = "Pods-VCSModuleExample.adhoc.xcconfig"; path = "Target Support Files/Pods-VCSModuleExample/Pods-VCSModuleExample.adhoc.xcconfig"; sourceTree = "<group>"; };
		DC79C17754E2D6E2722D9EC1 /* Pods-VCSReplayBroadcastUpload.debug.xcconfig */ = {isa = PBXFileReference; includeInIndex = 1; lastKnownFileType = text.xcconfig; name = "Pods-VCSReplayBroadcastUpload.debug.xcconfig"; path = "Target Support Files/Pods-VCSReplayBroadcastUpload/Pods-VCSReplayBroadcastUpload.debug.xcconfig"; sourceTree = "<group>"; };
		EB43ABE36BE8C041191AD5AE /* Pods-RTCEngineExample.adhoc.xcconfig */ = {isa = PBXFileReference; includeInIndex = 1; lastKnownFileType = text.xcconfig; name = "Pods-RTCEngineExample.adhoc.xcconfig"; path = "Target Support Files/Pods-RTCEngineExample/Pods-RTCEngineExample.adhoc.xcconfig"; sourceTree = "<group>"; };
		F40B5CEA26C27A6C00F42370 /* VCSModuleExample.app */ = {isa = PBXFileReference; explicitFileType = wrapper.application; includeInIndex = 0; path = VCSModuleExample.app; sourceTree = BUILT_PRODUCTS_DIR; };
		F40B5D2A26C27D0A00F42370 /* AppIcon.xcassets */ = {isa = PBXFileReference; lastKnownFileType = folder.assetcatalog; path = AppIcon.xcassets; sourceTree = "<group>"; };
		F40B5D3426C27D0A00F42370 /* main.m */ = {isa = PBXFileReference; fileEncoding = 4; lastKnownFileType = sourcecode.c.objc; path = main.m; sourceTree = "<group>"; };
		F40B5D3626C27D0A00F42370 /* FWAppDelegate.h */ = {isa = PBXFileReference; fileEncoding = 4; lastKnownFileType = sourcecode.c.h; path = FWAppDelegate.h; sourceTree = "<group>"; };
		F40B5D3726C27D0A00F42370 /* FWAppDelegate.m */ = {isa = PBXFileReference; fileEncoding = 4; lastKnownFileType = sourcecode.c.objc; path = FWAppDelegate.m; sourceTree = "<group>"; };
		F40B5D4026C27D0A00F42370 /* FWCommons.h */ = {isa = PBXFileReference; fileEncoding = 4; lastKnownFileType = sourcecode.c.h; path = FWCommons.h; sourceTree = "<group>"; };
		F40B5D4226C27D0A00F42370 /* FWMacros.h */ = {isa = PBXFileReference; fileEncoding = 4; lastKnownFileType = sourcecode.c.h; path = FWMacros.h; sourceTree = "<group>"; };
		F40B5D9F26C27D0B00F42370 /* FWToastBridge.h */ = {isa = PBXFileReference; fileEncoding = 4; lastKnownFileType = sourcecode.c.h; path = FWToastBridge.h; sourceTree = "<group>"; };
		F40B5DA026C27D0B00F42370 /* FWToastBridge.m */ = {isa = PBXFileReference; fileEncoding = 4; lastKnownFileType = sourcecode.c.objc; path = FWToastBridge.m; sourceTree = "<group>"; };
		F40B618626C27D0C00F42370 /* FWBaseViewController.m */ = {isa = PBXFileReference; fileEncoding = 4; lastKnownFileType = sourcecode.c.objc; path = FWBaseViewController.m; sourceTree = "<group>"; };
		F40B618726C27D0C00F42370 /* FWBaseNavigationViewController.m */ = {isa = PBXFileReference; fileEncoding = 4; lastKnownFileType = sourcecode.c.objc; path = FWBaseNavigationViewController.m; sourceTree = "<group>"; };
		F40B618826C27D0C00F42370 /* FWBaseViewController.h */ = {isa = PBXFileReference; fileEncoding = 4; lastKnownFileType = sourcecode.c.h; path = FWBaseViewController.h; sourceTree = "<group>"; };
		F40B618A26C27D0C00F42370 /* FWBaseNavigationViewController.h */ = {isa = PBXFileReference; fileEncoding = 4; lastKnownFileType = sourcecode.c.h; path = FWBaseNavigationViewController.h; sourceTree = "<group>"; };
		F40B633E26C2901F00F42370 /* VCSModuleExample-Info.plist */ = {isa = PBXFileReference; lastKnownFileType = text.plist.xml; path = "VCSModuleExample-Info.plist"; sourceTree = "<group>"; };
		F40B634026C2905500F42370 /* VCSModuleExample-Prefix.pch */ = {isa = PBXFileReference; lastKnownFileType = sourcecode.c.h; path = "VCSModuleExample-Prefix.pch"; sourceTree = "<group>"; };
		F40B634126C292C000F42370 /* LaunchScreen.storyboard */ = {isa = PBXFileReference; fileEncoding = 4; lastKnownFileType = file.storyboard; path = LaunchScreen.storyboard; sourceTree = "<group>"; };
		F4219D2A29AD988C0069483A /* CALayer+Extension.h */ = {isa = PBXFileReference; lastKnownFileType = sourcecode.c.h; path = "CALayer+Extension.h"; sourceTree = "<group>"; };
		F4219D2B29AD988C0069483A /* CALayer+Extension.m */ = {isa = PBXFileReference; lastKnownFileType = sourcecode.c.objc; path = "CALayer+Extension.m"; sourceTree = "<group>"; };
		F4219D3429ADABAB0069483A /* UITextView+AutoHeight.h */ = {isa = PBXFileReference; fileEncoding = 4; lastKnownFileType = sourcecode.c.h; path = "UITextView+AutoHeight.h"; sourceTree = "<group>"; };
		F4219D3529ADABAB0069483A /* UIScrollView+AutoHeight.m */ = {isa = PBXFileReference; fileEncoding = 4; lastKnownFileType = sourcecode.c.objc; path = "UIScrollView+AutoHeight.m"; sourceTree = "<group>"; };
		F4219D3629ADABAB0069483A /* UITextView+AutoHeight.m */ = {isa = PBXFileReference; fileEncoding = 4; lastKnownFileType = sourcecode.c.objc; path = "UITextView+AutoHeight.m"; sourceTree = "<group>"; };
		F4219D3729ADABAB0069483A /* UIScrollView+AutoHeight.h */ = {isa = PBXFileReference; fileEncoding = 4; lastKnownFileType = sourcecode.c.h; path = "UIScrollView+AutoHeight.h"; sourceTree = "<group>"; };
		F4219D5029ADD2530069483A /* FWDateBridge.h */ = {isa = PBXFileReference; lastKnownFileType = sourcecode.c.h; path = FWDateBridge.h; sourceTree = "<group>"; };
		F4219D5129ADD2530069483A /* FWDateBridge.m */ = {isa = PBXFileReference; lastKnownFileType = sourcecode.c.objc; path = FWDateBridge.m; sourceTree = "<group>"; };
		F4219D5329ADD78E0069483A /* UIView+Extension.h */ = {isa = PBXFileReference; lastKnownFileType = sourcecode.c.h; path = "UIView+Extension.h"; sourceTree = "<group>"; };
		F4219D5429ADD78E0069483A /* UIView+Extension.m */ = {isa = PBXFileReference; lastKnownFileType = sourcecode.c.objc; path = "UIView+Extension.m"; sourceTree = "<group>"; };
		F437E6CD2B32E0A400C76967 /* VCSModuleExample.entitlements */ = {isa = PBXFileReference; lastKnownFileType = text.plist.entitlements; path = VCSModuleExample.entitlements; sourceTree = "<group>"; };
		F437E6CE2B32E0BA00C76967 /* VCSReplayBroadcastUpload.entitlements */ = {isa = PBXFileReference; lastKnownFileType = text.plist.entitlements; path = VCSReplayBroadcastUpload.entitlements; sourceTree = "<group>"; };
		F43AD8382727EE670056B3EE /* FWConstants.h */ = {isa = PBXFileReference; lastKnownFileType = sourcecode.c.h; path = FWConstants.h; sourceTree = "<group>"; };
		F43AD8392727EE670056B3EE /* FWConstants.m */ = {isa = PBXFileReference; lastKnownFileType = sourcecode.c.objc; path = FWConstants.m; sourceTree = "<group>"; };
		F43AD8572728EF4D0056B3EE /* FWEntryBridge.h */ = {isa = PBXFileReference; lastKnownFileType = sourcecode.c.h; path = FWEntryBridge.h; sourceTree = "<group>"; };
		F43AD8582728EF4D0056B3EE /* FWEntryBridge.m */ = {isa = PBXFileReference; lastKnownFileType = sourcecode.c.objc; path = FWEntryBridge.m; sourceTree = "<group>"; };
		F45C830B27D6F50D008EEA31 /* Room.xcassets */ = {isa = PBXFileReference; lastKnownFileType = folder.assetcatalog; path = Room.xcassets; sourceTree = "<group>"; };
		F47FD3782BCE6F28006579F2 /* FWLoginViewController.h */ = {isa = PBXFileReference; lastKnownFileType = sourcecode.c.h; path = FWLoginViewController.h; sourceTree = "<group>"; };
		F47FD3792BCE6F28006579F2 /* FWLoginViewController.m */ = {isa = PBXFileReference; lastKnownFileType = sourcecode.c.objc; path = FWLoginViewController.m; sourceTree = "<group>"; };
		F47FD37A2BCE6F28006579F2 /* FWLoginViewController.xib */ = {isa = PBXFileReference; lastKnownFileType = file.xib; path = FWLoginViewController.xib; sourceTree = "<group>"; };
		F47FD37D2BCE7443006579F2 /* FWLoginModel.h */ = {isa = PBXFileReference; lastKnownFileType = sourcecode.c.h; path = FWLoginModel.h; sourceTree = "<group>"; };
		F47FD37E2BCE7443006579F2 /* FWLoginModel.m */ = {isa = PBXFileReference; lastKnownFileType = sourcecode.c.objc; path = FWLoginModel.m; sourceTree = "<group>"; };
		F47FD3802BCE7E35006579F2 /* FWDrawingConfigViewController.h */ = {isa = PBXFileReference; fileEncoding = 4; lastKnownFileType = sourcecode.c.h; path = FWDrawingConfigViewController.h; sourceTree = "<group>"; };
		F47FD3812BCE7E35006579F2 /* FWDrawingConfigViewController.m */ = {isa = PBXFileReference; fileEncoding = 4; lastKnownFileType = sourcecode.c.objc; path = FWDrawingConfigViewController.m; sourceTree = "<group>"; };
		F47FD3822BCE7E35006579F2 /* FWDrawingConfigViewController.xib */ = {isa = PBXFileReference; fileEncoding = 4; lastKnownFileType = file.xib; path = FWDrawingConfigViewController.xib; sourceTree = "<group>"; };
		F47FD3832BCE7E35006579F2 /* FWDrawingViewController.h */ = {isa = PBXFileReference; fileEncoding = 4; lastKnownFileType = sourcecode.c.h; path = FWDrawingViewController.h; sourceTree = "<group>"; };
		F47FD3842BCE7E35006579F2 /* FWDrawingViewController.m */ = {isa = PBXFileReference; fileEncoding = 4; lastKnownFileType = sourcecode.c.objc; path = FWDrawingViewController.m; sourceTree = "<group>"; };
		F47FD3852BCE7E35006579F2 /* FWDrawingViewController.xib */ = {isa = PBXFileReference; fileEncoding = 4; lastKnownFileType = file.xib; path = FWDrawingViewController.xib; sourceTree = "<group>"; };
		F47FD38E2BCE7EFA006579F2 /* FWHomeViewController.h */ = {isa = PBXFileReference; fileEncoding = 4; lastKnownFileType = sourcecode.c.h; path = FWHomeViewController.h; sourceTree = "<group>"; };
		F47FD38F2BCE7EFA006579F2 /* FWHomeViewController.m */ = {isa = PBXFileReference; fileEncoding = 4; lastKnownFileType = sourcecode.c.objc; path = FWHomeViewController.m; sourceTree = "<group>"; };
		F47FD3902BCE7EFA006579F2 /* FWHomeViewController.xib */ = {isa = PBXFileReference; fileEncoding = 4; lastKnownFileType = file.xib; path = FWHomeViewController.xib; sourceTree = "<group>"; };
		F47FD3982BCE7FBC006579F2 /* FWServeConfigViewController.h */ = {isa = PBXFileReference; lastKnownFileType = sourcecode.c.h; path = FWServeConfigViewController.h; sourceTree = "<group>"; };
		F47FD3992BCE7FBC006579F2 /* FWServeConfigViewController.m */ = {isa = PBXFileReference; lastKnownFileType = sourcecode.c.objc; path = FWServeConfigViewController.m; sourceTree = "<group>"; };
		F47FD39A2BCE7FBC006579F2 /* FWServeConfigViewController.xib */ = {isa = PBXFileReference; lastKnownFileType = file.xib; path = FWServeConfigViewController.xib; sourceTree = "<group>"; };
		F47FD39D2BCE80F4006579F2 /* FWScreenCastingViewController.h */ = {isa = PBXFileReference; fileEncoding = 4; lastKnownFileType = sourcecode.c.h; path = FWScreenCastingViewController.h; sourceTree = "<group>"; };
		F47FD39E2BCE80F4006579F2 /* FWScreenCastingViewController.m */ = {isa = PBXFileReference; fileEncoding = 4; lastKnownFileType = sourcecode.c.objc; path = FWScreenCastingViewController.m; sourceTree = "<group>"; };
		F47FD39F2BCE80F4006579F2 /* FWScreenCastingViewController.xib */ = {isa = PBXFileReference; fileEncoding = 4; lastKnownFileType = file.xib; path = FWScreenCastingViewController.xib; sourceTree = "<group>"; };
		F47FD3A02BCE80F4006579F2 /* FWScreenCastingViewModel.h */ = {isa = PBXFileReference; fileEncoding = 4; lastKnownFileType = sourcecode.c.h; path = FWScreenCastingViewModel.h; sourceTree = "<group>"; };
		F47FD3A12BCE80F4006579F2 /* FWScreenCastingViewModel.m */ = {isa = PBXFileReference; fileEncoding = 4; lastKnownFileType = sourcecode.c.objc; path = FWScreenCastingViewModel.m; sourceTree = "<group>"; };
		F47FD3A62BCE8201006579F2 /* FWCastingBridge.h */ = {isa = PBXFileReference; fileEncoding = 4; lastKnownFileType = sourcecode.c.h; path = FWCastingBridge.h; sourceTree = "<group>"; };
		F47FD3A72BCE8201006579F2 /* FWCastingBridge.m */ = {isa = PBXFileReference; fileEncoding = 4; lastKnownFileType = sourcecode.c.objc; path = FWCastingBridge.m; sourceTree = "<group>"; };
		F47FD3AB2BCE99E1006579F2 /* FWRegisterViewController.h */ = {isa = PBXFileReference; lastKnownFileType = sourcecode.c.h; path = FWRegisterViewController.h; sourceTree = "<group>"; };
		F47FD3AC2BCE99E1006579F2 /* FWRegisterViewController.m */ = {isa = PBXFileReference; lastKnownFileType = sourcecode.c.objc; path = FWRegisterViewController.m; sourceTree = "<group>"; };
		F47FD3AD2BCE99E1006579F2 /* FWRegisterViewController.xib */ = {isa = PBXFileReference; lastKnownFileType = file.xib; path = FWRegisterViewController.xib; sourceTree = "<group>"; };
		F47FD3B02BCF6284006579F2 /* FWSpeedTestResultHeaderTableViewCell.h */ = {isa = PBXFileReference; fileEncoding = 4; lastKnownFileType = sourcecode.c.h; path = FWSpeedTestResultHeaderTableViewCell.h; sourceTree = "<group>"; };
		F47FD3B12BCF6284006579F2 /* FWSpeedTestResultHeaderTableViewCell.m */ = {isa = PBXFileReference; fileEncoding = 4; lastKnownFileType = sourcecode.c.objc; path = FWSpeedTestResultHeaderTableViewCell.m; sourceTree = "<group>"; };
		F47FD3B22BCF6284006579F2 /* FWSpeedTestResultHeaderTableViewCell.xib */ = {isa = PBXFileReference; fileEncoding = 4; lastKnownFileType = file.xib; path = FWSpeedTestResultHeaderTableViewCell.xib; sourceTree = "<group>"; };
		F47FD3B32BCF6284006579F2 /* FWSpeedTestResultTableViewCell.h */ = {isa = PBXFileReference; fileEncoding = 4; lastKnownFileType = sourcecode.c.h; path = FWSpeedTestResultTableViewCell.h; sourceTree = "<group>"; };
		F47FD3B42BCF6284006579F2 /* FWSpeedTestResultTableViewCell.m */ = {isa = PBXFileReference; fileEncoding = 4; lastKnownFileType = sourcecode.c.objc; path = FWSpeedTestResultTableViewCell.m; sourceTree = "<group>"; };
		F47FD3B52BCF6284006579F2 /* FWSpeedTestResultTableViewCell.xib */ = {isa = PBXFileReference; fileEncoding = 4; lastKnownFileType = file.xib; path = FWSpeedTestResultTableViewCell.xib; sourceTree = "<group>"; };
		F47FD3B62BCF6284006579F2 /* FWSpeedTestRippleView.h */ = {isa = PBXFileReference; fileEncoding = 4; lastKnownFileType = sourcecode.c.h; path = FWSpeedTestRippleView.h; sourceTree = "<group>"; };
		F47FD3B72BCF6284006579F2 /* FWSpeedTestRippleView.m */ = {isa = PBXFileReference; fileEncoding = 4; lastKnownFileType = sourcecode.c.objc; path = FWSpeedTestRippleView.m; sourceTree = "<group>"; };
		F47FD3B82BCF6284006579F2 /* FWSpeedTestSpeedCollectionViewCell.h */ = {isa = PBXFileReference; fileEncoding = 4; lastKnownFileType = sourcecode.c.h; path = FWSpeedTestSpeedCollectionViewCell.h; sourceTree = "<group>"; };
		F47FD3B92BCF6284006579F2 /* FWSpeedTestSpeedCollectionViewCell.m */ = {isa = PBXFileReference; fileEncoding = 4; lastKnownFileType = sourcecode.c.objc; path = FWSpeedTestSpeedCollectionViewCell.m; sourceTree = "<group>"; };
		F47FD3BA2BCF6284006579F2 /* FWSpeedTestSpeedCollectionViewCell.xib */ = {isa = PBXFileReference; fileEncoding = 4; lastKnownFileType = file.xib; path = FWSpeedTestSpeedCollectionViewCell.xib; sourceTree = "<group>"; };
		F47FD3BB2BCF6284006579F2 /* FWSpeedTestSpeedTableViewCell.h */ = {isa = PBXFileReference; fileEncoding = 4; lastKnownFileType = sourcecode.c.h; path = FWSpeedTestSpeedTableViewCell.h; sourceTree = "<group>"; };
		F47FD3BC2BCF6284006579F2 /* FWSpeedTestSpeedTableViewCell.m */ = {isa = PBXFileReference; fileEncoding = 4; lastKnownFileType = sourcecode.c.objc; path = FWSpeedTestSpeedTableViewCell.m; sourceTree = "<group>"; };
		F47FD3BD2BCF6284006579F2 /* FWSpeedTestSpeedTableViewCell.xib */ = {isa = PBXFileReference; fileEncoding = 4; lastKnownFileType = file.xib; path = FWSpeedTestSpeedTableViewCell.xib; sourceTree = "<group>"; };
		F47FD3BE2BCF6284006579F2 /* FWSpeedTestTableViewCell.h */ = {isa = PBXFileReference; fileEncoding = 4; lastKnownFileType = sourcecode.c.h; path = FWSpeedTestTableViewCell.h; sourceTree = "<group>"; };
		F47FD3BF2BCF6284006579F2 /* FWSpeedTestTableViewCell.m */ = {isa = PBXFileReference; fileEncoding = 4; lastKnownFileType = sourcecode.c.objc; path = FWSpeedTestTableViewCell.m; sourceTree = "<group>"; };
		F47FD3C02BCF6284006579F2 /* FWSpeedTestTableViewCell.xib */ = {isa = PBXFileReference; fileEncoding = 4; lastKnownFileType = file.xib; path = FWSpeedTestTableViewCell.xib; sourceTree = "<group>"; };
		F47FD3C12BCF6284006579F2 /* FWSpeedTestViewController.h */ = {isa = PBXFileReference; fileEncoding = 4; lastKnownFileType = sourcecode.c.h; path = FWSpeedTestViewController.h; sourceTree = "<group>"; };
		F47FD3C22BCF6284006579F2 /* FWSpeedTestViewController.m */ = {isa = PBXFileReference; fileEncoding = 4; lastKnownFileType = sourcecode.c.objc; path = FWSpeedTestViewController.m; sourceTree = "<group>"; };
		F47FD3C32BCF6284006579F2 /* FWSpeedTestViewController.xib */ = {isa = PBXFileReference; fileEncoding = 4; lastKnownFileType = file.xib; path = FWSpeedTestViewController.xib; sourceTree = "<group>"; };
		F47FD3D32BCF79E2006579F2 /* FWRoomCallViewController.h */ = {isa = PBXFileReference; fileEncoding = 4; lastKnownFileType = sourcecode.c.h; path = FWRoomCallViewController.h; sourceTree = "<group>"; };
		F47FD3D42BCF79E2006579F2 /* FWRoomCallViewController.m */ = {isa = PBXFileReference; fileEncoding = 4; lastKnownFileType = sourcecode.c.objc; path = FWRoomCallViewController.m; sourceTree = "<group>"; };
		F47FD3D52BCF79E2006579F2 /* FWRoomCallViewController.xib */ = {isa = PBXFileReference; fileEncoding = 4; lastKnownFileType = file.xib; path = FWRoomCallViewController.xib; sourceTree = "<group>"; };
		F47FD3DA2BCF8AAA006579F2 /* FWIPAddressBridge.h */ = {isa = PBXFileReference; lastKnownFileType = sourcecode.c.h; path = FWIPAddressBridge.h; sourceTree = "<group>"; };
		F47FD3DB2BCF8AAA006579F2 /* FWIPAddressBridge.m */ = {isa = PBXFileReference; lastKnownFileType = sourcecode.c.objc; path = FWIPAddressBridge.m; sourceTree = "<group>"; };
		F47FD3DD2BCF8AB7006579F2 /* FWIPAddressConfig.h */ = {isa = PBXFileReference; lastKnownFileType = sourcecode.c.h; path = FWIPAddressConfig.h; sourceTree = "<group>"; };
		F47FD3DE2BCF8AB7006579F2 /* FWIPAddressConfig.m */ = {isa = PBXFileReference; lastKnownFileType = sourcecode.c.objc; path = FWIPAddressConfig.m; sourceTree = "<group>"; };
		F47FD3E02BCF8DF1006579F2 /* audio_background_task.wav */ = {isa = PBXFileReference; lastKnownFileType = audio.wav; path = audio_background_task.wav; sourceTree = "<group>"; };
		F47FD3E62BCFA5E9006579F2 /* FWMeetingRoomMemberView.h */ = {isa = PBXFileReference; fileEncoding = 4; lastKnownFileType = sourcecode.c.h; path = FWMeetingRoomMemberView.h; sourceTree = "<group>"; };
		F47FD3E72BCFA5E9006579F2 /* FWMeetingRoomMemberView.m */ = {isa = PBXFileReference; fileEncoding = 4; lastKnownFileType = sourcecode.c.objc; path = FWMeetingRoomMemberView.m; sourceTree = "<group>"; };
		F47FD3E82BCFA5E9006579F2 /* FWMeetingRoomMemberView.xib */ = {isa = PBXFileReference; fileEncoding = 4; lastKnownFileType = file.xib; path = FWMeetingRoomMemberView.xib; sourceTree = "<group>"; };
		F47FD3E92BCFA5E9006579F2 /* FWMeetingRoomMemberWindow.h */ = {isa = PBXFileReference; fileEncoding = 4; lastKnownFileType = sourcecode.c.h; path = FWMeetingRoomMemberWindow.h; sourceTree = "<group>"; };
		F47FD3EA2BCFA5E9006579F2 /* FWMeetingRoomMemberWindow.m */ = {isa = PBXFileReference; fileEncoding = 4; lastKnownFileType = sourcecode.c.objc; path = FWMeetingRoomMemberWindow.m; sourceTree = "<group>"; };
		F47FD3EB2BCFA5E9006579F2 /* FWMeetingRoomMemberWindow.xib */ = {isa = PBXFileReference; fileEncoding = 4; lastKnownFileType = file.xib; path = FWMeetingRoomMemberWindow.xib; sourceTree = "<group>"; };
		F47FD3EC2BCFA5E9006579F2 /* FWMeetingRoomModel.h */ = {isa = PBXFileReference; fileEncoding = 4; lastKnownFileType = sourcecode.c.h; path = FWMeetingRoomModel.h; sourceTree = "<group>"; };
		F47FD3ED2BCFA5E9006579F2 /* FWMeetingRoomModel.m */ = {isa = PBXFileReference; fileEncoding = 4; lastKnownFileType = sourcecode.c.objc; path = FWMeetingRoomModel.m; sourceTree = "<group>"; };
		F47FD3EE2BCFA5E9006579F2 /* FWMeetingRoomViewController.h */ = {isa = PBXFileReference; fileEncoding = 4; lastKnownFileType = sourcecode.c.h; path = FWMeetingRoomViewController.h; sourceTree = "<group>"; };
		F47FD3EF2BCFA5E9006579F2 /* FWMeetingRoomViewController.m */ = {isa = PBXFileReference; fileEncoding = 4; lastKnownFileType = sourcecode.c.objc; path = FWMeetingRoomViewController.m; sourceTree = "<group>"; };
		F47FD3F02BCFA5E9006579F2 /* FWMeetingRoomViewController.xib */ = {isa = PBXFileReference; fileEncoding = 4; lastKnownFileType = file.xib; path = FWMeetingRoomViewController.xib; sourceTree = "<group>"; };
		F47FD3FB2BCFD07A006579F2 /* FWMeetingRoomMemberStatusView.h */ = {isa = PBXFileReference; lastKnownFileType = sourcecode.c.h; path = FWMeetingRoomMemberStatusView.h; sourceTree = "<group>"; };
		F47FD3FC2BCFD07A006579F2 /* FWMeetingRoomMemberStatusView.m */ = {isa = PBXFileReference; lastKnownFileType = sourcecode.c.objc; path = FWMeetingRoomMemberStatusView.m; sourceTree = "<group>"; };
		F47FD3FE2BCFD083006579F2 /* FWMeetingRoomMemberStatusView.xib */ = {isa = PBXFileReference; lastKnownFileType = file.xib; path = FWMeetingRoomMemberStatusView.xib; sourceTree = "<group>"; };
		F47FD4022BCFF5A7006579F2 /* FWRemoteCanvas.h */ = {isa = PBXFileReference; lastKnownFileType = sourcecode.c.h; path = FWRemoteCanvas.h; sourceTree = "<group>"; };
		F47FD4032BCFF5A7006579F2 /* FWRemoteCanvas.m */ = {isa = PBXFileReference; lastKnownFileType = sourcecode.c.objc; path = FWRemoteCanvas.m; sourceTree = "<group>"; };
		F47FD4052BCFF67F006579F2 /* FWRemoteSession.h */ = {isa = PBXFileReference; lastKnownFileType = sourcecode.c.h; path = FWRemoteSession.h; sourceTree = "<group>"; };
		F47FD4062BCFF67F006579F2 /* FWRemoteSession.m */ = {isa = PBXFileReference; lastKnownFileType = sourcecode.c.objc; path = FWRemoteSession.m; sourceTree = "<group>"; };
		F482EEF629B6D0F500815C9C /* FWBaseModel.h */ = {isa = PBXFileReference; lastKnownFileType = sourcecode.c.h; path = FWBaseModel.h; sourceTree = "<group>"; };
		F482EEF729B6D0F500815C9C /* FWBaseModel.m */ = {isa = PBXFileReference; lastKnownFileType = sourcecode.c.objc; path = FWBaseModel.m; sourceTree = "<group>"; };
		F482EEF929B6D15200815C9C /* FWNetworkBridge.h */ = {isa = PBXFileReference; lastKnownFileType = sourcecode.c.h; path = FWNetworkBridge.h; sourceTree = "<group>"; };
		F482EEFA29B6D15200815C9C /* FWNetworkBridge.m */ = {isa = PBXFileReference; lastKnownFileType = sourcecode.c.objc; path = FWNetworkBridge.m; sourceTree = "<group>"; };
		F482EF0029B6DF9900815C9C /* FWToolBridge.h */ = {isa = PBXFileReference; lastKnownFileType = sourcecode.c.h; path = FWToolBridge.h; sourceTree = "<group>"; };
		F482EF0129B6DF9900815C9C /* FWToolBridge.m */ = {isa = PBXFileReference; lastKnownFileType = sourcecode.c.objc; path = FWToolBridge.m; sourceTree = "<group>"; };
		F482EF2829BEE2D900815C9C /* FWEnum.h */ = {isa = PBXFileReference; lastKnownFileType = sourcecode.c.h; path = FWEnum.h; sourceTree = "<group>"; };
		F482EF2929BEE2D900815C9C /* FWEnum.m */ = {isa = PBXFileReference; lastKnownFileType = sourcecode.c.objc; path = FWEnum.m; sourceTree = "<group>"; };
		F482EF2C29BF286A00815C9C /* FWLogTraceBridge.h */ = {isa = PBXFileReference; lastKnownFileType = sourcecode.c.h; path = FWLogTraceBridge.h; sourceTree = "<group>"; };
		F482EF2D29BF286A00815C9C /* FWLogTraceBridge.m */ = {isa = PBXFileReference; lastKnownFileType = sourcecode.c.objc; path = FWLogTraceBridge.m; sourceTree = "<group>"; };
		F482EF3229C4187F00815C9C /* NSString+Extension.h */ = {isa = PBXFileReference; lastKnownFileType = sourcecode.c.h; path = "NSString+Extension.h"; sourceTree = "<group>"; };
		F482EF3329C4187F00815C9C /* NSString+Extension.m */ = {isa = PBXFileReference; lastKnownFileType = sourcecode.c.objc; path = "NSString+Extension.m"; sourceTree = "<group>"; };
		F4AA7795288AA21900EBC0E7 /* VCSReplayBroadcastUpload.appex */ = {isa = PBXFileReference; explicitFileType = "wrapper.app-extension"; includeInIndex = 0; path = VCSReplayBroadcastUpload.appex; sourceTree = BUILT_PRODUCTS_DIR; };
		F4AA7799288AA21900EBC0E7 /* SampleHandler.h */ = {isa = PBXFileReference; lastKnownFileType = sourcecode.c.h; path = SampleHandler.h; sourceTree = "<group>"; };
		F4AA779A288AA21900EBC0E7 /* SampleHandler.m */ = {isa = PBXFileReference; lastKnownFileType = sourcecode.c.objc; path = SampleHandler.m; sourceTree = "<group>"; };
		F4AA779C288AA21900EBC0E7 /* Info.plist */ = {isa = PBXFileReference; lastKnownFileType = text.plist.xml; path = Info.plist; sourceTree = "<group>"; };
		F4C417BE29B1A85900A7EBCB /* FWTimerBridge.h */ = {isa = PBXFileReference; lastKnownFileType = sourcecode.c.h; path = FWTimerBridge.h; sourceTree = "<group>"; };
		F4C417BF29B1A85900A7EBCB /* FWTimerBridge.m */ = {isa = PBXFileReference; lastKnownFileType = sourcecode.c.objc; path = FWTimerBridge.m; sourceTree = "<group>"; };
		F4DA7C8A27279E62003FDE9B /* Common.xcassets */ = {isa = PBXFileReference; lastKnownFileType = folder.assetcatalog; path = Common.xcassets; sourceTree = "<group>"; };
/* End PBXFileReference section */

/* Begin PBXFrameworksBuildPhase section */
		F40B5CE726C27A6C00F42370 /* Frameworks */ = {
			isa = PBXFrameworksBuildPhase;
			buildActionMask = 2147483647;
			files = (
				EC3A4E40AFD4135E2E45497A /* Pods_VCSModuleExample.framework in Frameworks */,
			);
			runOnlyForDeploymentPostprocessing = 0;
		};
		F4AA7792288AA21900EBC0E7 /* Frameworks */ = {
			isa = PBXFrameworksBuildPhase;
			buildActionMask = 2147483647;
			files = (
				4CA16C8060A4C85C3C988A2C /* Pods_VCSReplayBroadcastUpload.framework in Frameworks */,
			);
			runOnlyForDeploymentPostprocessing = 0;
		};
/* End PBXFrameworksBuildPhase section */

/* Begin PBXGroup section */
		8597F355380BB7A80E03689F /* Pods */ = {
			isa = PBXGroup;
			children = (
				36ED4C3490E9C26CA3BDC300 /* Pods-RTCEngineExample.debug.xcconfig */,
				A64BAD2A16A706DB7851BFE2 /* Pods-RTCEngineExample.release.xcconfig */,
				EB43ABE36BE8C041191AD5AE /* Pods-RTCEngineExample.adhoc.xcconfig */,
				AF1ACF72D0E0C5A919277CDF /* Pods-RTCReplayBroadcastUpload.debug.xcconfig */,
				871D2ACD850351A0D8E46357 /* Pods-RTCReplayBroadcastUpload.release.xcconfig */,
				828AAD60C24F653D5D0C81CC /* Pods-RTCReplayBroadcastUpload.adhoc.xcconfig */,
				748CDDE68DF0A78CA0F46696 /* Pods-RTCReplayBroadcastUploadSetupUI.debug.xcconfig */,
				802F19C1FE26593A35FE739A /* Pods-RTCReplayBroadcastUploadSetupUI.release.xcconfig */,
				34F5E593E785A59B655156EB /* Pods-RTCReplayBroadcastUploadSetupUI.adhoc.xcconfig */,
				8145C4B7A79247CF8DFA8E65 /* Pods-VCSModuleExample.debug.xcconfig */,
				1003380791BC9E513B61B8F9 /* Pods-VCSModuleExample.release.xcconfig */,
				B46E56B7D6890A090BD344E8 /* Pods-VCSModuleExample.adhoc.xcconfig */,
				DC79C17754E2D6E2722D9EC1 /* Pods-VCSReplayBroadcastUpload.debug.xcconfig */,
				87A37EA1F3406A3FC7AB40F0 /* Pods-VCSReplayBroadcastUpload.release.xcconfig */,
				59720EABF86016000D76241C /* Pods-VCSReplayBroadcastUpload.adhoc.xcconfig */,
			);
			path = Pods;
			sourceTree = "<group>";
		};
		A5AC7F029DBEA4800B47467A /* Frameworks */ = {
			isa = PBXGroup;
			children = (
				7FD5CBDBFBF598E597859C3D /* Pods_VCSModuleExample.framework */,
				0C534E2CB31713F30517F227 /* Pods_VCSReplayBroadcastUpload.framework */,
			);
			name = Frameworks;
			sourceTree = "<group>";
		};
		F40B5CE126C27A6C00F42370 = {
			isa = PBXGroup;
			children = (
				F40B5CEC26C27A6C00F42370 /* VCSModuleExample */,
				F4AA7798288AA21900EBC0E7 /* VCSReplayBroadcastUpload */,
				F40B5CEB26C27A6C00F42370 /* Products */,
				A5AC7F029DBEA4800B47467A /* Frameworks */,
				8597F355380BB7A80E03689F /* Pods */,
			);
			sourceTree = "<group>";
		};
		F40B5CEB26C27A6C00F42370 /* Products */ = {
			isa = PBXGroup;
			children = (
				F40B5CEA26C27A6C00F42370 /* VCSModuleExample.app */,
				F4AA7795288AA21900EBC0E7 /* VCSReplayBroadcastUpload.appex */,
			);
			name = Products;
			sourceTree = "<group>";
		};
		F40B5CEC26C27A6C00F42370 /* VCSModuleExample */ = {
			isa = PBXGroup;
			children = (
				F40B5D3826C27D0A00F42370 /* Common */,
				F40B5DA126C27D0B00F42370 /* Classes */,
				F40B5D0626C27D0A00F42370 /* Resources */,
				F40B5D3326C27D0A00F42370 /* Main */,
			);
			path = VCSModuleExample;
			sourceTree = "<group>";
		};
		F40B5D0626C27D0A00F42370 /* Resources */ = {
			isa = PBXGroup;
			children = (
				F47FD3E12BCF8DF1006579F2 /* Sounds */,
				F40B5D2526C27D0A00F42370 /* Assets */,
				F40B633E26C2901F00F42370 /* VCSModuleExample-Info.plist */,
				F40B634126C292C000F42370 /* LaunchScreen.storyboard */,
				F40B634026C2905500F42370 /* VCSModuleExample-Prefix.pch */,
				F437E6CD2B32E0A400C76967 /* VCSModuleExample.entitlements */,
			);
			path = Resources;
			sourceTree = "<group>";
		};
		F40B5D2526C27D0A00F42370 /* Assets */ = {
			isa = PBXGroup;
			children = (
				F40B5D2A26C27D0A00F42370 /* AppIcon.xcassets */,
				F4DA7C8A27279E62003FDE9B /* Common.xcassets */,
				F45C830B27D6F50D008EEA31 /* Room.xcassets */,
			);
			path = Assets;
			sourceTree = "<group>";
		};
		F40B5D3326C27D0A00F42370 /* Main */ = {
			isa = PBXGroup;
			children = (
				F40B5D3526C27D0A00F42370 /* AppDelegate */,
				F40B5D3426C27D0A00F42370 /* main.m */,
			);
			path = Main;
			sourceTree = "<group>";
		};
		F40B5D3526C27D0A00F42370 /* AppDelegate */ = {
			isa = PBXGroup;
			children = (
				F40B5D3626C27D0A00F42370 /* FWAppDelegate.h */,
				F40B5D3726C27D0A00F42370 /* FWAppDelegate.m */,
			);
			path = AppDelegate;
			sourceTree = "<group>";
		};
		F40B5D3826C27D0A00F42370 /* Common */ = {
			isa = PBXGroup;
			children = (
				F40B5D4026C27D0A00F42370 /* FWCommons.h */,
				F4219D2929AD97510069483A /* Category */,
				F43AD8372727EE440056B3EE /* Constants */,
				F40B5D4126C27D0A00F42370 /* Macros */,
				F40B5D5326C27D0A00F42370 /* Helper */,
			);
			path = Common;
			sourceTree = "<group>";
		};
		F40B5D4126C27D0A00F42370 /* Macros */ = {
			isa = PBXGroup;
			children = (
				F40B5D4226C27D0A00F42370 /* FWMacros.h */,
			);
			path = Macros;
			sourceTree = "<group>";
		};
		F40B5D5326C27D0A00F42370 /* Helper */ = {
			isa = PBXGroup;
			children = (
				F47FD3D92BCF8A96006579F2 /* IPAddressBridge */,
				F47FD3A82BCE8201006579F2 /* CastingBridge */,
				F482EF2B29BF285600815C9C /* LogTraceBridge */,
				F482EEFF29B6DF8E00815C9C /* ToolBridge */,
				F482EEF529B6CF1600815C9C /* NetworkBridge */,
				F4C417BD29B1A83D00A7EBCB /* TimerBridge */,
				F4219D4F29ADD2440069483A /* DateBridge */,
				F40B5D9E26C27D0B00F42370 /* ToastBridge */,
				F43AD8562728EEA20056B3EE /* EntryBridge */,
			);
			path = Helper;
			sourceTree = "<group>";
		};
		F40B5D9E26C27D0B00F42370 /* ToastBridge */ = {
			isa = PBXGroup;
			children = (
				F40B5D9F26C27D0B00F42370 /* FWToastBridge.h */,
				F40B5DA026C27D0B00F42370 /* FWToastBridge.m */,
			);
			path = ToastBridge;
			sourceTree = "<group>";
		};
		F40B5DA126C27D0B00F42370 /* Classes */ = {
			isa = PBXGroup;
			children = (
				F40B618426C27D0C00F42370 /* Base */,
				F43AD8502728EE690056B3EE /* Login */,
				F47FD3AA2BCE99D2006579F2 /* Register */,
				F47FD3972BCE7F6C006579F2 /* ServeConfig */,
				F47FD3A22BCE80F4006579F2 /* ScreenCasting */,
				F47FD3C42BCF6284006579F2 /* SpeedTest */,
				F47FD3862BCE7E35006579F2 /* Drawing */,
				F47FD3912BCE7EFA006579F2 /* Home */,
				F47FD3D62BCF79E2006579F2 /* RoomCall */,
				F47FD3F12BCFA5E9006579F2 /* MeetingRoom */,
			);
			path = Classes;
			sourceTree = "<group>";
		};
		F40B618426C27D0C00F42370 /* Base */ = {
			isa = PBXGroup;
			children = (
				F40B618A26C27D0C00F42370 /* FWBaseNavigationViewController.h */,
				F40B618726C27D0C00F42370 /* FWBaseNavigationViewController.m */,
				F40B618826C27D0C00F42370 /* FWBaseViewController.h */,
				F40B618626C27D0C00F42370 /* FWBaseViewController.m */,
			);
			path = Base;
			sourceTree = "<group>";
		};
		F4219D2929AD97510069483A /* Category */ = {
			isa = PBXGroup;
			children = (
				F4219D3329ADABAB0069483A /* AutoHeightTextView */,
				F4219D2A29AD988C0069483A /* CALayer+Extension.h */,
				F4219D2B29AD988C0069483A /* CALayer+Extension.m */,
				F4219D5329ADD78E0069483A /* UIView+Extension.h */,
				F4219D5429ADD78E0069483A /* UIView+Extension.m */,
				F482EF3229C4187F00815C9C /* NSString+Extension.h */,
				F482EF3329C4187F00815C9C /* NSString+Extension.m */,
			);
			path = Category;
			sourceTree = "<group>";
		};
		F4219D3329ADABAB0069483A /* AutoHeightTextView */ = {
			isa = PBXGroup;
			children = (
				F4219D3729ADABAB0069483A /* UIScrollView+AutoHeight.h */,
				F4219D3529ADABAB0069483A /* UIScrollView+AutoHeight.m */,
				F4219D3429ADABAB0069483A /* UITextView+AutoHeight.h */,
				F4219D3629ADABAB0069483A /* UITextView+AutoHeight.m */,
			);
			path = AutoHeightTextView;
			sourceTree = "<group>";
		};
		F4219D4F29ADD2440069483A /* DateBridge */ = {
			isa = PBXGroup;
			children = (
				F4219D5029ADD2530069483A /* FWDateBridge.h */,
				F4219D5129ADD2530069483A /* FWDateBridge.m */,
			);
			path = DateBridge;
			sourceTree = "<group>";
		};
		F43AD8372727EE440056B3EE /* Constants */ = {
			isa = PBXGroup;
			children = (
				F482EF2829BEE2D900815C9C /* FWEnum.h */,
				F482EF2929BEE2D900815C9C /* FWEnum.m */,
				F43AD8382727EE670056B3EE /* FWConstants.h */,
				F43AD8392727EE670056B3EE /* FWConstants.m */,
			);
			path = Constants;
			sourceTree = "<group>";
		};
		F43AD8502728EE690056B3EE /* Login */ = {
			isa = PBXGroup;
			children = (
				F47FD3782BCE6F28006579F2 /* FWLoginViewController.h */,
				F47FD3792BCE6F28006579F2 /* FWLoginViewController.m */,
				F47FD37A2BCE6F28006579F2 /* FWLoginViewController.xib */,
				F47FD37D2BCE7443006579F2 /* FWLoginModel.h */,
				F47FD37E2BCE7443006579F2 /* FWLoginModel.m */,
			);
			path = Login;
			sourceTree = "<group>";
		};
		F43AD8562728EEA20056B3EE /* EntryBridge */ = {
			isa = PBXGroup;
			children = (
				F43AD8572728EF4D0056B3EE /* FWEntryBridge.h */,
				F43AD8582728EF4D0056B3EE /* FWEntryBridge.m */,
			);
			path = EntryBridge;
			sourceTree = "<group>";
		};
		F47FD3862BCE7E35006579F2 /* Drawing */ = {
			isa = PBXGroup;
			children = (
				F47FD3802BCE7E35006579F2 /* FWDrawingConfigViewController.h */,
				F47FD3812BCE7E35006579F2 /* FWDrawingConfigViewController.m */,
				F47FD3822BCE7E35006579F2 /* FWDrawingConfigViewController.xib */,
				F47FD3832BCE7E35006579F2 /* FWDrawingViewController.h */,
				F47FD3842BCE7E35006579F2 /* FWDrawingViewController.m */,
				F47FD3852BCE7E35006579F2 /* FWDrawingViewController.xib */,
			);
			path = Drawing;
			sourceTree = "<group>";
		};
		F47FD3912BCE7EFA006579F2 /* Home */ = {
			isa = PBXGroup;
			children = (
				F47FD38E2BCE7EFA006579F2 /* FWHomeViewController.h */,
				F47FD38F2BCE7EFA006579F2 /* FWHomeViewController.m */,
				F47FD3902BCE7EFA006579F2 /* FWHomeViewController.xib */,
			);
			path = Home;
			sourceTree = "<group>";
		};
		F47FD3972BCE7F6C006579F2 /* ServeConfig */ = {
			isa = PBXGroup;
			children = (
				F47FD3982BCE7FBC006579F2 /* FWServeConfigViewController.h */,
				F47FD3992BCE7FBC006579F2 /* FWServeConfigViewController.m */,
				F47FD39A2BCE7FBC006579F2 /* FWServeConfigViewController.xib */,
			);
			path = ServeConfig;
			sourceTree = "<group>";
		};
		F47FD3A22BCE80F4006579F2 /* ScreenCasting */ = {
			isa = PBXGroup;
			children = (
				F47FD39D2BCE80F4006579F2 /* FWScreenCastingViewController.h */,
				F47FD39E2BCE80F4006579F2 /* FWScreenCastingViewController.m */,
				F47FD39F2BCE80F4006579F2 /* FWScreenCastingViewController.xib */,
				F47FD3A02BCE80F4006579F2 /* FWScreenCastingViewModel.h */,
				F47FD3A12BCE80F4006579F2 /* FWScreenCastingViewModel.m */,
			);
			path = ScreenCasting;
			sourceTree = "<group>";
		};
		F47FD3A82BCE8201006579F2 /* CastingBridge */ = {
			isa = PBXGroup;
			children = (
				F47FD3A62BCE8201006579F2 /* FWCastingBridge.h */,
				F47FD3A72BCE8201006579F2 /* FWCastingBridge.m */,
			);
			path = CastingBridge;
			sourceTree = "<group>";
		};
		F47FD3AA2BCE99D2006579F2 /* Register */ = {
			isa = PBXGroup;
			children = (
				F47FD3AB2BCE99E1006579F2 /* FWRegisterViewController.h */,
				F47FD3AC2BCE99E1006579F2 /* FWRegisterViewController.m */,
				F47FD3AD2BCE99E1006579F2 /* FWRegisterViewController.xib */,
			);
			path = Register;
			sourceTree = "<group>";
		};
		F47FD3C42BCF6284006579F2 /* SpeedTest */ = {
			isa = PBXGroup;
			children = (
				F47FD3C12BCF6284006579F2 /* FWSpeedTestViewController.h */,
				F47FD3C22BCF6284006579F2 /* FWSpeedTestViewController.m */,
				F47FD3C32BCF6284006579F2 /* FWSpeedTestViewController.xib */,
				F47FD3BE2BCF6284006579F2 /* FWSpeedTestTableViewCell.h */,
				F47FD3BF2BCF6284006579F2 /* FWSpeedTestTableViewCell.m */,
				F47FD3C02BCF6284006579F2 /* FWSpeedTestTableViewCell.xib */,
				F47FD3BB2BCF6284006579F2 /* FWSpeedTestSpeedTableViewCell.h */,
				F47FD3BC2BCF6284006579F2 /* FWSpeedTestSpeedTableViewCell.m */,
				F47FD3BD2BCF6284006579F2 /* FWSpeedTestSpeedTableViewCell.xib */,
				F47FD3B82BCF6284006579F2 /* FWSpeedTestSpeedCollectionViewCell.h */,
				F47FD3B92BCF6284006579F2 /* FWSpeedTestSpeedCollectionViewCell.m */,
				F47FD3BA2BCF6284006579F2 /* FWSpeedTestSpeedCollectionViewCell.xib */,
				F47FD3B32BCF6284006579F2 /* FWSpeedTestResultTableViewCell.h */,
				F47FD3B42BCF6284006579F2 /* FWSpeedTestResultTableViewCell.m */,
				F47FD3B52BCF6284006579F2 /* FWSpeedTestResultTableViewCell.xib */,
				F47FD3B02BCF6284006579F2 /* FWSpeedTestResultHeaderTableViewCell.h */,
				F47FD3B12BCF6284006579F2 /* FWSpeedTestResultHeaderTableViewCell.m */,
				F47FD3B22BCF6284006579F2 /* FWSpeedTestResultHeaderTableViewCell.xib */,
				F47FD3B62BCF6284006579F2 /* FWSpeedTestRippleView.h */,
				F47FD3B72BCF6284006579F2 /* FWSpeedTestRippleView.m */,
			);
			path = SpeedTest;
			sourceTree = "<group>";
		};
		F47FD3D62BCF79E2006579F2 /* RoomCall */ = {
			isa = PBXGroup;
			children = (
				F47FD3D32BCF79E2006579F2 /* FWRoomCallViewController.h */,
				F47FD3D42BCF79E2006579F2 /* FWRoomCallViewController.m */,
				F47FD3D52BCF79E2006579F2 /* FWRoomCallViewController.xib */,
			);
			path = RoomCall;
			sourceTree = "<group>";
		};
		F47FD3D92BCF8A96006579F2 /* IPAddressBridge */ = {
			isa = PBXGroup;
			children = (
				F47FD3DA2BCF8AAA006579F2 /* FWIPAddressBridge.h */,
				F47FD3DB2BCF8AAA006579F2 /* FWIPAddressBridge.m */,
				F47FD3DD2BCF8AB7006579F2 /* FWIPAddressConfig.h */,
				F47FD3DE2BCF8AB7006579F2 /* FWIPAddressConfig.m */,
			);
			path = IPAddressBridge;
			sourceTree = "<group>";
		};
		F47FD3E12BCF8DF1006579F2 /* Sounds */ = {
			isa = PBXGroup;
			children = (
				F47FD3E02BCF8DF1006579F2 /* audio_background_task.wav */,
			);
			path = Sounds;
			sourceTree = "<group>";
		};
		F47FD3F12BCFA5E9006579F2 /* MeetingRoom */ = {
			isa = PBXGroup;
			children = (
				F47FD4002BCFF577006579F2 /* FWRemoteCanvas */,
				F47FD3EE2BCFA5E9006579F2 /* FWMeetingRoomViewController.h */,
				F47FD3EF2BCFA5E9006579F2 /* FWMeetingRoomViewController.m */,
				F47FD3F02BCFA5E9006579F2 /* FWMeetingRoomViewController.xib */,
				F47FD3E62BCFA5E9006579F2 /* FWMeetingRoomMemberView.h */,
				F47FD3E72BCFA5E9006579F2 /* FWMeetingRoomMemberView.m */,
				F47FD3E82BCFA5E9006579F2 /* FWMeetingRoomMemberView.xib */,
				F47FD3E92BCFA5E9006579F2 /* FWMeetingRoomMemberWindow.h */,
				F47FD3EA2BCFA5E9006579F2 /* FWMeetingRoomMemberWindow.m */,
				F47FD3EB2BCFA5E9006579F2 /* FWMeetingRoomMemberWindow.xib */,
				F47FD3FB2BCFD07A006579F2 /* FWMeetingRoomMemberStatusView.h */,
				F47FD3FC2BCFD07A006579F2 /* FWMeetingRoomMemberStatusView.m */,
				F47FD3FE2BCFD083006579F2 /* FWMeetingRoomMemberStatusView.xib */,
				F47FD3EC2BCFA5E9006579F2 /* FWMeetingRoomModel.h */,
				F47FD3ED2BCFA5E9006579F2 /* FWMeetingRoomModel.m */,
			);
			path = MeetingRoom;
			sourceTree = "<group>";
		};
		F47FD4002BCFF577006579F2 /* FWRemoteCanvas */ = {
			isa = PBXGroup;
			children = (
				F47FD4052BCFF67F006579F2 /* FWRemoteSession.h */,
				F47FD4062BCFF67F006579F2 /* FWRemoteSession.m */,
				F47FD4022BCFF5A7006579F2 /* FWRemoteCanvas.h */,
				F47FD4032BCFF5A7006579F2 /* FWRemoteCanvas.m */,
			);
			path = FWRemoteCanvas;
			sourceTree = "<group>";
		};
		F482EEF529B6CF1600815C9C /* NetworkBridge */ = {
			isa = PBXGroup;
			children = (
				F482EEF629B6D0F500815C9C /* FWBaseModel.h */,
				F482EEF729B6D0F500815C9C /* FWBaseModel.m */,
				F482EEF929B6D15200815C9C /* FWNetworkBridge.h */,
				F482EEFA29B6D15200815C9C /* FWNetworkBridge.m */,
			);
			path = NetworkBridge;
			sourceTree = "<group>";
		};
		F482EEFF29B6DF8E00815C9C /* ToolBridge */ = {
			isa = PBXGroup;
			children = (
				F482EF0029B6DF9900815C9C /* FWToolBridge.h */,
				F482EF0129B6DF9900815C9C /* FWToolBridge.m */,
			);
			path = ToolBridge;
			sourceTree = "<group>";
		};
		F482EF2B29BF285600815C9C /* LogTraceBridge */ = {
			isa = PBXGroup;
			children = (
				F482EF2C29BF286A00815C9C /* FWLogTraceBridge.h */,
				F482EF2D29BF286A00815C9C /* FWLogTraceBridge.m */,
			);
			path = LogTraceBridge;
			sourceTree = "<group>";
		};
		F4AA7798288AA21900EBC0E7 /* VCSReplayBroadcastUpload */ = {
			isa = PBXGroup;
			children = (
				F437E6CE2B32E0BA00C76967 /* VCSReplayBroadcastUpload.entitlements */,
				F4AA7799288AA21900EBC0E7 /* SampleHandler.h */,
				F4AA779A288AA21900EBC0E7 /* SampleHandler.m */,
				F4AA779C288AA21900EBC0E7 /* Info.plist */,
			);
			path = VCSReplayBroadcastUpload;
			sourceTree = "<group>";
		};
		F4C417BD29B1A83D00A7EBCB /* TimerBridge */ = {
			isa = PBXGroup;
			children = (
				F4C417BE29B1A85900A7EBCB /* FWTimerBridge.h */,
				F4C417BF29B1A85900A7EBCB /* FWTimerBridge.m */,
			);
			path = TimerBridge;
			sourceTree = "<group>";
		};
/* End PBXGroup section */

/* Begin PBXNativeTarget section */
		F40B5CE926C27A6C00F42370 /* VCSModuleExample */ = {
			isa = PBXNativeTarget;
			buildConfigurationList = F40B5D0326C27A6E00F42370 /* Build configuration list for PBXNativeTarget "VCSModuleExample" */;
			buildPhases = (
				3300B47587C8F0CC1EF8C45B /* [CP] Check Pods Manifest.lock */,
				F40B5CE626C27A6C00F42370 /* Sources */,
				F40B5CE726C27A6C00F42370 /* Frameworks */,
				F40B5CE826C27A6C00F42370 /* Resources */,
				2426EB1F6C9FE17EB83EA535 /* [CP] Embed Pods Frameworks */,
				F4AA77B0288AA21900EBC0E7 /* Embed App Extensions */,
				F4124C04289A5D200075EB82 /* Embed Frameworks */,
				6C71A2FB8CE74A5D27BF865A /* [CP] Copy Pods Resources */,
			);
			buildRules = (
			);
			dependencies = (
				F4AA77AE288AA21900EBC0E7 /* PBXTargetDependency */,
			);
			name = VCSModuleExample;
			productName = FYSuperPlayerExample;
			productReference = F40B5CEA26C27A6C00F42370 /* VCSModuleExample.app */;
			productType = "com.apple.product-type.application";
		};
		F4AA7794288AA21900EBC0E7 /* VCSReplayBroadcastUpload */ = {
			isa = PBXNativeTarget;
			buildConfigurationList = F4AA77B8288AA21900EBC0E7 /* Build configuration list for PBXNativeTarget "VCSReplayBroadcastUpload" */;
			buildPhases = (
				A526D6E1B3DC4756B9F193D9 /* [CP] Check Pods Manifest.lock */,
				F4AA7791288AA21900EBC0E7 /* Sources */,
				F4AA7792288AA21900EBC0E7 /* Frameworks */,
				F4AA7793288AA21900EBC0E7 /* Resources */,
				F465538A289BA66A00EF2CA8 /* Embed Frameworks */,
				DBDB98240415B326C10F24EC /* [CP] Copy Pods Resources */,
			);
			buildRules = (
			);
			dependencies = (
			);
			name = VCSReplayBroadcastUpload;
			productName = RTCReplayBroadcastUpload;
			productReference = F4AA7795288AA21900EBC0E7 /* VCSReplayBroadcastUpload.appex */;
			productType = "com.apple.product-type.app-extension";
		};
/* End PBXNativeTarget section */

/* Begin PBXProject section */
		F40B5CE226C27A6C00F42370 /* Project object */ = {
			isa = PBXProject;
			attributes = {
				CLASSPREFIX = FW;
				LastUpgradeCheck = 1250;
				ORGANIZATIONNAME = SailorGa;
				TargetAttributes = {
					F40B5CE926C27A6C00F42370 = {
						CreatedOnToolsVersion = 12.5.1;
						DevelopmentTeam = RJ5C7D2C4E;
						ProvisioningStyle = Manual;
					};
					F4AA7794288AA21900EBC0E7 = {
						CreatedOnToolsVersion = 13.4.1;
						DevelopmentTeam = RJ5C7D2C4E;
						ProvisioningStyle = Manual;
					};
				};
			};
			buildConfigurationList = F40B5CE526C27A6C00F42370 /* Build configuration list for PBXProject "VCSModuleExample" */;
			compatibilityVersion = "Xcode 3.2";
			developmentRegion = en;
			hasScannedForEncodings = 0;
			knownRegions = (
				en,
				Base,
				"zh-Hans",
				"zh-Hant",
			);
			mainGroup = F40B5CE126C27A6C00F42370;
			productRefGroup = F40B5CEB26C27A6C00F42370 /* Products */;
			projectDirPath = "";
			projectRoot = "";
			targets = (
				F40B5CE926C27A6C00F42370 /* VCSModuleExample */,
				F4AA7794288AA21900EBC0E7 /* VCSReplayBroadcastUpload */,
			);
		};
/* End PBXProject section */

/* Begin PBXResourcesBuildPhase section */
		F40B5CE826C27A6C00F42370 /* Resources */ = {
			isa = PBXResourcesBuildPhase;
			buildActionMask = 2147483647;
			files = (
				F47FD3A42BCE80F4006579F2 /* FWScreenCastingViewController.xib in Resources */,
				F40B634326C292DB00F42370 /* LaunchScreen.storyboard in Resources */,
				F47FD3FA2BCFA5EA006579F2 /* FWMeetingRoomViewController.xib in Resources */,
				F40B633F26C2901F00F42370 /* VCSModuleExample-Info.plist in Resources */,
				F45C830C27D6F50D008EEA31 /* Room.xcassets in Resources */,
				F47FD3E22BCF8DF1006579F2 /* audio_background_task.wav in Resources */,
				F47FD3D82BCF79E2006579F2 /* FWRoomCallViewController.xib in Resources */,
				F47FD3F52BCFA5EA006579F2 /* FWMeetingRoomMemberView.xib in Resources */,
				F47FD38A2BCE7E35006579F2 /* FWDrawingViewController.xib in Resources */,
				F47FD3882BCE7E35006579F2 /* FWDrawingConfigViewController.xib in Resources */,
				F4DA7C8B27279E62003FDE9B /* Common.xcassets in Resources */,
				F47FD3CB2BCF6284006579F2 /* FWSpeedTestSpeedCollectionViewCell.xib in Resources */,
				F47FD3FF2BCFD083006579F2 /* FWMeetingRoomMemberStatusView.xib in Resources */,
				F47FD3CF2BCF6284006579F2 /* FWSpeedTestTableViewCell.xib in Resources */,
				F47FD37C2BCE6F28006579F2 /* FWLoginViewController.xib in Resources */,
				F47FD39C2BCE7FBC006579F2 /* FWServeConfigViewController.xib in Resources */,
				F47FD3D12BCF6284006579F2 /* FWSpeedTestViewController.xib in Resources */,
				F47FD3F72BCFA5EA006579F2 /* FWMeetingRoomMemberWindow.xib in Resources */,
				F47FD3C62BCF6284006579F2 /* FWSpeedTestResultHeaderTableViewCell.xib in Resources */,
				F47FD3952BCE7EFA006579F2 /* FWHomeViewController.xib in Resources */,
				F40B619D26C27D0C00F42370 /* AppIcon.xcassets in Resources */,
				F47FD3CD2BCF6284006579F2 /* FWSpeedTestSpeedTableViewCell.xib in Resources */,
				F47FD3AF2BCE99E1006579F2 /* FWRegisterViewController.xib in Resources */,
				F47FD3C82BCF6284006579F2 /* FWSpeedTestResultTableViewCell.xib in Resources */,
			);
			runOnlyForDeploymentPostprocessing = 0;
		};
		F4AA7793288AA21900EBC0E7 /* Resources */ = {
			isa = PBXResourcesBuildPhase;
			buildActionMask = 2147483647;
			files = (
			);
			runOnlyForDeploymentPostprocessing = 0;
		};
/* End PBXResourcesBuildPhase section */

/* Begin PBXShellScriptBuildPhase section */
		2426EB1F6C9FE17EB83EA535 /* [CP] Embed Pods Frameworks */ = {
			isa = PBXShellScriptBuildPhase;
			buildActionMask = 2147483647;
			files = (
			);
			inputPaths = (
				"${PODS_ROOT}/Target Support Files/Pods-VCSModuleExample/Pods-VCSModuleExample-frameworks.sh",
				"${BUILT_PRODUCTS_DIR}/AFNetworking/AFNetworking.framework",
				"${BUILT_PRODUCTS_DIR}/CocoaAsyncSocket/CocoaAsyncSocket.framework",
				"${BUILT_PRODUCTS_DIR}/FBRetainCycleDetector/FBRetainCycleDetector.framework",
				"${BUILT_PRODUCTS_DIR}/IQKeyboardManager/IQKeyboardManager.framework",
				"${BUILT_PRODUCTS_DIR}/MLeaksFinder/MLeaksFinder.framework",
				"${BUILT_PRODUCTS_DIR}/MMKV/MMKV.framework",
				"${BUILT_PRODUCTS_DIR}/MMKVCore/MMKVCore.framework",
				"${BUILT_PRODUCTS_DIR}/MyLayout/MyLayout.framework",
				"${BUILT_PRODUCTS_DIR}/Protobuf/Protobuf.framework",
				"${BUILT_PRODUCTS_DIR}/ReactiveObjC/ReactiveObjC.framework",
				"${BUILT_PRODUCTS_DIR}/SDWebImage/SDWebImage.framework",
				"${BUILT_PRODUCTS_DIR}/SSZipArchive/SSZipArchive.framework",
				"${PODS_ROOT}/VCSMediaKit/VCSMediaKit/Depend/FURenderKit.framework",
				"${PODS_ROOT}/VCSMediaKit/VCSMediaKit/Depend/WebRTC.framework",
				"${BUILT_PRODUCTS_DIR}/YYModel/YYModel.framework",
			);
			name = "[CP] Embed Pods Frameworks";
			outputPaths = (
				"${TARGET_BUILD_DIR}/${FRAMEWORKS_FOLDER_PATH}/AFNetworking.framework",
				"${TARGET_BUILD_DIR}/${FRAMEWORKS_FOLDER_PATH}/CocoaAsyncSocket.framework",
				"${TARGET_BUILD_DIR}/${FRAMEWORKS_FOLDER_PATH}/FBRetainCycleDetector.framework",
				"${TARGET_BUILD_DIR}/${FRAMEWORKS_FOLDER_PATH}/IQKeyboardManager.framework",
				"${TARGET_BUILD_DIR}/${FRAMEWORKS_FOLDER_PATH}/MLeaksFinder.framework",
				"${TARGET_BUILD_DIR}/${FRAMEWORKS_FOLDER_PATH}/MMKV.framework",
				"${TARGET_BUILD_DIR}/${FRAMEWORKS_FOLDER_PATH}/MMKVCore.framework",
				"${TARGET_BUILD_DIR}/${FRAMEWORKS_FOLDER_PATH}/MyLayout.framework",
				"${TARGET_BUILD_DIR}/${FRAMEWORKS_FOLDER_PATH}/Protobuf.framework",
				"${TARGET_BUILD_DIR}/${FRAMEWORKS_FOLDER_PATH}/ReactiveObjC.framework",
				"${TARGET_BUILD_DIR}/${FRAMEWORKS_FOLDER_PATH}/SDWebImage.framework",
				"${TARGET_BUILD_DIR}/${FRAMEWORKS_FOLDER_PATH}/SSZipArchive.framework",
				"${TARGET_BUILD_DIR}/${FRAMEWORKS_FOLDER_PATH}/FURenderKit.framework",
				"${TARGET_BUILD_DIR}/${FRAMEWORKS_FOLDER_PATH}/WebRTC.framework",
				"${TARGET_BUILD_DIR}/${FRAMEWORKS_FOLDER_PATH}/YYModel.framework",
			);
			runOnlyForDeploymentPostprocessing = 0;
			shellPath = /bin/sh;
			shellScript = "\"${PODS_ROOT}/Target Support Files/Pods-VCSModuleExample/Pods-VCSModuleExample-frameworks.sh\"\n";
			showEnvVarsInLog = 0;
		};
		3300B47587C8F0CC1EF8C45B /* [CP] Check Pods Manifest.lock */ = {
			isa = PBXShellScriptBuildPhase;
			buildActionMask = 2147483647;
			files = (
			);
			inputFileListPaths = (
			);
			inputPaths = (
				"${PODS_PODFILE_DIR_PATH}/Podfile.lock",
				"${PODS_ROOT}/Manifest.lock",
			);
			name = "[CP] Check Pods Manifest.lock";
			outputFileListPaths = (
			);
			outputPaths = (
				"$(DERIVED_FILE_DIR)/Pods-VCSModuleExample-checkManifestLockResult.txt",
			);
			runOnlyForDeploymentPostprocessing = 0;
			shellPath = /bin/sh;
			shellScript = "diff \"${PODS_PODFILE_DIR_PATH}/Podfile.lock\" \"${PODS_ROOT}/Manifest.lock\" > /dev/null\nif [ $? != 0 ] ; then\n    # print error to STDERR\n    echo \"error: The sandbox is not in sync with the Podfile.lock. Run 'pod install' or update your CocoaPods installation.\" >&2\n    exit 1\nfi\n# This output is used by Xcode 'outputs' to avoid re-running this script phase.\necho \"SUCCESS\" > \"${SCRIPT_OUTPUT_FILE_0}\"\n";
			showEnvVarsInLog = 0;
		};
		6C71A2FB8CE74A5D27BF865A /* [CP] Copy Pods Resources */ = {
			isa = PBXShellScriptBuildPhase;
			buildActionMask = 2147483647;
			files = (
			);
			inputPaths = (
				"${PODS_ROOT}/Target Support Files/Pods-VCSModuleExample/Pods-VCSModuleExample-resources.sh",
				"${PODS_ROOT}/VCSMediaKit/VCSMediaKit/Resources/VCSMediaKit.bundle",
				"${PODS_ROOT}/VCSWhiteBoardKit/VCSWhiteBoardKit/Resources/VCSWhiteBoardKit.bundle",
			);
			name = "[CP] Copy Pods Resources";
			outputPaths = (
				"${TARGET_BUILD_DIR}/${UNLOCALIZED_RESOURCES_FOLDER_PATH}/VCSMediaKit.bundle",
				"${TARGET_BUILD_DIR}/${UNLOCALIZED_RESOURCES_FOLDER_PATH}/VCSWhiteBoardKit.bundle",
			);
			runOnlyForDeploymentPostprocessing = 0;
			shellPath = /bin/sh;
			shellScript = "\"${PODS_ROOT}/Target Support Files/Pods-VCSModuleExample/Pods-VCSModuleExample-resources.sh\"\n";
			showEnvVarsInLog = 0;
		};
		A526D6E1B3DC4756B9F193D9 /* [CP] Check Pods Manifest.lock */ = {
			isa = PBXShellScriptBuildPhase;
			buildActionMask = 2147483647;
			files = (
			);
			inputFileListPaths = (
			);
			inputPaths = (
				"${PODS_PODFILE_DIR_PATH}/Podfile.lock",
				"${PODS_ROOT}/Manifest.lock",
			);
			name = "[CP] Check Pods Manifest.lock";
			outputFileListPaths = (
			);
			outputPaths = (
				"$(DERIVED_FILE_DIR)/Pods-VCSReplayBroadcastUpload-checkManifestLockResult.txt",
			);
			runOnlyForDeploymentPostprocessing = 0;
			shellPath = /bin/sh;
			shellScript = "diff \"${PODS_PODFILE_DIR_PATH}/Podfile.lock\" \"${PODS_ROOT}/Manifest.lock\" > /dev/null\nif [ $? != 0 ] ; then\n    # print error to STDERR\n    echo \"error: The sandbox is not in sync with the Podfile.lock. Run 'pod install' or update your CocoaPods installation.\" >&2\n    exit 1\nfi\n# This output is used by Xcode 'outputs' to avoid re-running this script phase.\necho \"SUCCESS\" > \"${SCRIPT_OUTPUT_FILE_0}\"\n";
			showEnvVarsInLog = 0;
		};
		DBDB98240415B326C10F24EC /* [CP] Copy Pods Resources */ = {
			isa = PBXShellScriptBuildPhase;
			buildActionMask = 2147483647;
			files = (
			);
			inputPaths = (
				"${PODS_ROOT}/Target Support Files/Pods-VCSReplayBroadcastUpload/Pods-VCSReplayBroadcastUpload-resources.sh",
				"${PODS_ROOT}/VCSMediaKit/VCSMediaKit/Resources/VCSMediaKit.bundle",
				"${PODS_ROOT}/VCSWhiteBoardKit/VCSWhiteBoardKit/Resources/VCSWhiteBoardKit.bundle",
			);
			name = "[CP] Copy Pods Resources";
			outputPaths = (
				"${TARGET_BUILD_DIR}/${UNLOCALIZED_RESOURCES_FOLDER_PATH}/VCSMediaKit.bundle",
				"${TARGET_BUILD_DIR}/${UNLOCALIZED_RESOURCES_FOLDER_PATH}/VCSWhiteBoardKit.bundle",
			);
			runOnlyForDeploymentPostprocessing = 0;
			shellPath = /bin/sh;
			shellScript = "\"${PODS_ROOT}/Target Support Files/Pods-VCSReplayBroadcastUpload/Pods-VCSReplayBroadcastUpload-resources.sh\"\n";
			showEnvVarsInLog = 0;
		};
/* End PBXShellScriptBuildPhase section */

/* Begin PBXSourcesBuildPhase section */
		F40B5CE626C27A6C00F42370 /* Sources */ = {
			isa = PBXSourcesBuildPhase;
			buildActionMask = 2147483647;
			files = (
				F47FD37F2BCE7443006579F2 /* FWLoginModel.m in Sources */,
				F4219D3829ADABAB0069483A /* UIScrollView+AutoHeight.m in Sources */,
				F40B61CA26C27D0C00F42370 /* FWToastBridge.m in Sources */,
				F4219D2C29AD988C0069483A /* CALayer+Extension.m in Sources */,
				F40B633B26C27D0D00F42370 /* FWBaseViewController.m in Sources */,
				F43AD83A2727EE670056B3EE /* FWConstants.m in Sources */,
				F47FD3F92BCFA5EA006579F2 /* FWMeetingRoomViewController.m in Sources */,
				F47FD3942BCE7EFA006579F2 /* FWHomeViewController.m in Sources */,
				F482EF2A29BEE2D900815C9C /* FWEnum.m in Sources */,
				F47FD3C52BCF6284006579F2 /* FWSpeedTestResultHeaderTableViewCell.m in Sources */,
				F47FD4042BCFF5A7006579F2 /* FWRemoteCanvas.m in Sources */,
				F482EEFB29B6D15200815C9C /* FWNetworkBridge.m in Sources */,
				F47FD39B2BCE7FBC006579F2 /* FWServeConfigViewController.m in Sources */,
				F47FD3872BCE7E35006579F2 /* FWDrawingConfigViewController.m in Sources */,
				F47FD3A92BCE8201006579F2 /* FWCastingBridge.m in Sources */,
				F47FD3A52BCE80F4006579F2 /* FWScreenCastingViewModel.m in Sources */,
				F47FD3C92BCF6284006579F2 /* FWSpeedTestRippleView.m in Sources */,
				F482EEF829B6D0F500815C9C /* FWBaseModel.m in Sources */,
				F4C417C029B1A85900A7EBCB /* FWTimerBridge.m in Sources */,
				F47FD3F62BCFA5EA006579F2 /* FWMeetingRoomMemberWindow.m in Sources */,
				F482EF3429C4187F00815C9C /* NSString+Extension.m in Sources */,
				F4219D5529ADD78E0069483A /* UIView+Extension.m in Sources */,
				F47FD3DC2BCF8AAA006579F2 /* FWIPAddressBridge.m in Sources */,
				F47FD37B2BCE6F28006579F2 /* FWLoginViewController.m in Sources */,
				F47FD3F42BCFA5EA006579F2 /* FWMeetingRoomMemberView.m in Sources */,
				F47FD3892BCE7E35006579F2 /* FWDrawingViewController.m in Sources */,
				F47FD3CA2BCF6284006579F2 /* FWSpeedTestSpeedCollectionViewCell.m in Sources */,
				F47FD3D72BCF79E2006579F2 /* FWRoomCallViewController.m in Sources */,
				F4219D5229ADD2530069483A /* FWDateBridge.m in Sources */,
				F47FD3CC2BCF6284006579F2 /* FWSpeedTestSpeedTableViewCell.m in Sources */,
				F47FD3A32BCE80F4006579F2 /* FWScreenCastingViewController.m in Sources */,
				F47FD4072BCFF67F006579F2 /* FWRemoteSession.m in Sources */,
				F47FD3C72BCF6284006579F2 /* FWSpeedTestResultTableViewCell.m in Sources */,
				F47FD3CE2BCF6284006579F2 /* FWSpeedTestTableViewCell.m in Sources */,
				F47FD3FD2BCFD07B006579F2 /* FWMeetingRoomMemberStatusView.m in Sources */,
				F40B633C26C27D0D00F42370 /* FWBaseNavigationViewController.m in Sources */,
				F47FD3D02BCF6284006579F2 /* FWSpeedTestViewController.m in Sources */,
				F40B61A526C27D0C00F42370 /* FWAppDelegate.m in Sources */,
				F482EF2E29BF286A00815C9C /* FWLogTraceBridge.m in Sources */,
				F4219D3929ADABAB0069483A /* UITextView+AutoHeight.m in Sources */,
				F47FD3F82BCFA5EA006579F2 /* FWMeetingRoomModel.m in Sources */,
				F47FD3DF2BCF8AB7006579F2 /* FWIPAddressConfig.m in Sources */,
				F47FD3AE2BCE99E1006579F2 /* FWRegisterViewController.m in Sources */,
				F482EF0229B6DF9900815C9C /* FWToolBridge.m in Sources */,
				F43AD8592728EF4D0056B3EE /* FWEntryBridge.m in Sources */,
				F40B61A426C27D0C00F42370 /* main.m in Sources */,
			);
			runOnlyForDeploymentPostprocessing = 0;
		};
		F4AA7791288AA21900EBC0E7 /* Sources */ = {
			isa = PBXSourcesBuildPhase;
			buildActionMask = 2147483647;
			files = (
				F4AA779B288AA21900EBC0E7 /* SampleHandler.m in Sources */,
			);
			runOnlyForDeploymentPostprocessing = 0;
		};
/* End PBXSourcesBuildPhase section */

/* Begin PBXTargetDependency section */
		F4AA77AE288AA21900EBC0E7 /* PBXTargetDependency */ = {
			isa = PBXTargetDependency;
			target = F4AA7794288AA21900EBC0E7 /* VCSReplayBroadcastUpload */;
			targetProxy = F4AA77AD288AA21900EBC0E7 /* PBXContainerItemProxy */;
		};
/* End PBXTargetDependency section */

/* Begin XCBuildConfiguration section */
		F40B5D0126C27A6E00F42370 /* Debug */ = {
			isa = XCBuildConfiguration;
			buildSettings = {
				ALWAYS_SEARCH_USER_PATHS = NO;
				CLANG_ANALYZER_NONNULL = YES;
				CLANG_ANALYZER_NUMBER_OBJECT_CONVERSION = YES_AGGRESSIVE;
				CLANG_CXX_LANGUAGE_STANDARD = "gnu++14";
				CLANG_CXX_LIBRARY = "libc++";
				CLANG_ENABLE_MODULES = YES;
				CLANG_ENABLE_OBJC_ARC = YES;
				CLANG_ENABLE_OBJC_WEAK = YES;
				CLANG_WARN_BLOCK_CAPTURE_AUTORELEASING = YES;
				CLANG_WARN_BOOL_CONVERSION = YES;
				CLANG_WARN_COMMA = YES;
				CLANG_WARN_CONSTANT_CONVERSION = YES;
				CLANG_WARN_DEPRECATED_OBJC_IMPLEMENTATIONS = YES;
				CLANG_WARN_DIRECT_OBJC_ISA_USAGE = YES_ERROR;
				CLANG_WARN_DOCUMENTATION_COMMENTS = YES;
				CLANG_WARN_EMPTY_BODY = YES;
				CLANG_WARN_ENUM_CONVERSION = YES;
				CLANG_WARN_INFINITE_RECURSION = YES;
				CLANG_WARN_INT_CONVERSION = YES;
				CLANG_WARN_NON_LITERAL_NULL_CONVERSION = YES;
				CLANG_WARN_OBJC_IMPLICIT_RETAIN_SELF = YES;
				CLANG_WARN_OBJC_LITERAL_CONVERSION = YES;
				CLANG_WARN_OBJC_ROOT_CLASS = YES_ERROR;
				CLANG_WARN_QUOTED_INCLUDE_IN_FRAMEWORK_HEADER = YES;
				CLANG_WARN_RANGE_LOOP_ANALYSIS = YES;
				CLANG_WARN_STRICT_PROTOTYPES = YES;
				CLANG_WARN_SUSPICIOUS_MOVE = YES;
				CLANG_WARN_UNGUARDED_AVAILABILITY = YES_AGGRESSIVE;
				CLANG_WARN_UNREACHABLE_CODE = YES;
				CLANG_WARN__DUPLICATE_METHOD_MATCH = YES;
				COPY_PHASE_STRIP = NO;
				DEBUG_INFORMATION_FORMAT = dwarf;
				ENABLE_STRICT_OBJC_MSGSEND = YES;
				ENABLE_TESTABILITY = YES;
				GCC_C_LANGUAGE_STANDARD = gnu11;
				GCC_DYNAMIC_NO_PIC = NO;
				GCC_NO_COMMON_BLOCKS = YES;
				GCC_OPTIMIZATION_LEVEL = 0;
				GCC_PREPROCESSOR_DEFINITIONS = (
					"DEBUG=1",
					"$(inherited)",
				);
				GCC_WARN_64_TO_32_BIT_CONVERSION = YES;
				GCC_WARN_ABOUT_RETURN_TYPE = YES_ERROR;
				GCC_WARN_UNDECLARED_SELECTOR = YES;
				GCC_WARN_UNINITIALIZED_AUTOS = YES_AGGRESSIVE;
				GCC_WARN_UNUSED_FUNCTION = YES;
				GCC_WARN_UNUSED_VARIABLE = YES;
				IPHONEOS_DEPLOYMENT_TARGET = 9.0;
				MTL_ENABLE_DEBUG_INFO = INCLUDE_SOURCE;
				MTL_FAST_MATH = YES;
				ONLY_ACTIVE_ARCH = YES;
				SDKROOT = iphoneos;
			};
			name = Debug;
		};
		F40B5D0226C27A6E00F42370 /* Release */ = {
			isa = XCBuildConfiguration;
			buildSettings = {
				ALWAYS_SEARCH_USER_PATHS = NO;
				CLANG_ANALYZER_NONNULL = YES;
				CLANG_ANALYZER_NUMBER_OBJECT_CONVERSION = YES_AGGRESSIVE;
				CLANG_CXX_LANGUAGE_STANDARD = "gnu++14";
				CLANG_CXX_LIBRARY = "libc++";
				CLANG_ENABLE_MODULES = YES;
				CLANG_ENABLE_OBJC_ARC = YES;
				CLANG_ENABLE_OBJC_WEAK = YES;
				CLANG_WARN_BLOCK_CAPTURE_AUTORELEASING = YES;
				CLANG_WARN_BOOL_CONVERSION = YES;
				CLANG_WARN_COMMA = YES;
				CLANG_WARN_CONSTANT_CONVERSION = YES;
				CLANG_WARN_DEPRECATED_OBJC_IMPLEMENTATIONS = YES;
				CLANG_WARN_DIRECT_OBJC_ISA_USAGE = YES_ERROR;
				CLANG_WARN_DOCUMENTATION_COMMENTS = YES;
				CLANG_WARN_EMPTY_BODY = YES;
				CLANG_WARN_ENUM_CONVERSION = YES;
				CLANG_WARN_INFINITE_RECURSION = YES;
				CLANG_WARN_INT_CONVERSION = YES;
				CLANG_WARN_NON_LITERAL_NULL_CONVERSION = YES;
				CLANG_WARN_OBJC_IMPLICIT_RETAIN_SELF = YES;
				CLANG_WARN_OBJC_LITERAL_CONVERSION = YES;
				CLANG_WARN_OBJC_ROOT_CLASS = YES_ERROR;
				CLANG_WARN_QUOTED_INCLUDE_IN_FRAMEWORK_HEADER = YES;
				CLANG_WARN_RANGE_LOOP_ANALYSIS = YES;
				CLANG_WARN_STRICT_PROTOTYPES = YES;
				CLANG_WARN_SUSPICIOUS_MOVE = YES;
				CLANG_WARN_UNGUARDED_AVAILABILITY = YES_AGGRESSIVE;
				CLANG_WARN_UNREACHABLE_CODE = YES;
				CLANG_WARN__DUPLICATE_METHOD_MATCH = YES;
				COPY_PHASE_STRIP = NO;
				DEBUG_INFORMATION_FORMAT = "dwarf-with-dsym";
				ENABLE_NS_ASSERTIONS = NO;
				ENABLE_STRICT_OBJC_MSGSEND = YES;
				GCC_C_LANGUAGE_STANDARD = gnu11;
				GCC_NO_COMMON_BLOCKS = YES;
				GCC_WARN_64_TO_32_BIT_CONVERSION = YES;
				GCC_WARN_ABOUT_RETURN_TYPE = YES_ERROR;
				GCC_WARN_UNDECLARED_SELECTOR = YES;
				GCC_WARN_UNINITIALIZED_AUTOS = YES_AGGRESSIVE;
				GCC_WARN_UNUSED_FUNCTION = YES;
				GCC_WARN_UNUSED_VARIABLE = YES;
				IPHONEOS_DEPLOYMENT_TARGET = 9.0;
				MTL_ENABLE_DEBUG_INFO = NO;
				MTL_FAST_MATH = YES;
				SDKROOT = iphoneos;
				VALIDATE_PRODUCT = YES;
			};
			name = Release;
		};
		F40B5D0426C27A6E00F42370 /* Debug */ = {
			isa = XCBuildConfiguration;
			baseConfigurationReference = 8145C4B7A79247CF8DFA8E65 /* Pods-VCSModuleExample.debug.xcconfig */;
			buildSettings = {
				ASSETCATALOG_COMPILER_APPICON_NAME = AppIcon;
				ASSETCATALOG_COMPILER_GLOBAL_ACCENT_COLOR_NAME = AccentColor;
				CODE_SIGN_ENTITLEMENTS = VCSModuleExample/Resources/VCSModuleExample.entitlements;
				CODE_SIGN_IDENTITY = "iPhone Developer";
				CODE_SIGN_STYLE = Manual;
				CURRENT_PROJECT_VERSION = 202404161510;
				DEVELOPMENT_TEAM = RJ5C7D2C4E;
				"DEVELOPMENT_TEAM[sdk=iphoneos*]" = RJ5C7D2C4E;
				ENABLE_BITCODE = NO;
				EXCLUDED_ARCHS = armv7;
				FRAMEWORK_SEARCH_PATHS = "$(inherited)";
				GCC_PREFIX_HEADER = "VCSModuleExample/Resources/VCSModuleExample-Prefix.pch";
				INFOPLIST_FILE = "VCSModuleExample/Resources/VCSModuleExample-Info.plist";
				INFOPLIST_KEY_CFBundleDisplayName = "组件示例";
				IPHONEOS_DEPLOYMENT_TARGET = 10.0;
				LD_RUNPATH_SEARCH_PATHS = "$(inherited) @executable_path/Frameworks";
				MARKETING_VERSION = 1.0.0;
				OTHER_LDFLAGS = (
					"$(inherited)",
					"-ObjC",
					"-framework",
					"\"AFNetworking\"",
					"-framework",
					"\"CoreGraphics\"",
					"-framework",
					"\"Foundation\"",
					"-framework",
					"\"IQKeyboardManager\"",
					"-framework",
					"\"QuartzCore\"",
					"-framework",
					"\"ReactiveObjC\"",
					"-framework",
					"\"UIKit\"",
				);
				PRODUCT_BUNDLE_IDENTIFIER = cn.seastart.vcsmodule;
				PRODUCT_NAME = "$(TARGET_NAME)";
				PROVISIONING_PROFILE_SPECIFIER = rtcenginekit_dev;
				"PROVISIONING_PROFILE_SPECIFIER[sdk=iphoneos*]" = vcsmodule_dev;
				TARGETED_DEVICE_FAMILY = "1,2";
			};
			name = Debug;
		};
		F40B5D0526C27A6E00F42370 /* Release */ = {
			isa = XCBuildConfiguration;
			baseConfigurationReference = 1003380791BC9E513B61B8F9 /* Pods-VCSModuleExample.release.xcconfig */;
			buildSettings = {
				ASSETCATALOG_COMPILER_APPICON_NAME = AppIcon;
				ASSETCATALOG_COMPILER_GLOBAL_ACCENT_COLOR_NAME = AccentColor;
				CODE_SIGN_ENTITLEMENTS = VCSModuleExample/Resources/VCSModuleExample.entitlements;
				CODE_SIGN_IDENTITY = "iPhone Distribution";
				CODE_SIGN_STYLE = Manual;
				CURRENT_PROJECT_VERSION = 202404161510;
				DEVELOPMENT_TEAM = RJ5C7D2C4E;
				"DEVELOPMENT_TEAM[sdk=iphoneos*]" = RJ5C7D2C4E;
				ENABLE_BITCODE = NO;
				EXCLUDED_ARCHS = armv7;
				FRAMEWORK_SEARCH_PATHS = "$(inherited)";
				GCC_PREFIX_HEADER = "VCSModuleExample/Resources/VCSModuleExample-Prefix.pch";
				INFOPLIST_FILE = "VCSModuleExample/Resources/VCSModuleExample-Info.plist";
				INFOPLIST_KEY_CFBundleDisplayName = "组件示例";
				IPHONEOS_DEPLOYMENT_TARGET = 10.0;
				LD_RUNPATH_SEARCH_PATHS = "$(inherited) @executable_path/Frameworks";
				MARKETING_VERSION = 1.0.0;
				OTHER_LDFLAGS = (
					"$(inherited)",
					"-ObjC",
					"-framework",
					"\"AFNetworking\"",
					"-framework",
					"\"CoreGraphics\"",
					"-framework",
					"\"Foundation\"",
					"-framework",
					"\"IQKeyboardManager\"",
					"-framework",
					"\"QuartzCore\"",
					"-framework",
					"\"ReactiveObjC\"",
					"-framework",
					"\"UIKit\"",
				);
				PRODUCT_BUNDLE_IDENTIFIER = cn.seastart.vcsmodule;
				PRODUCT_NAME = "$(TARGET_NAME)";
				PROVISIONING_PROFILE_SPECIFIER = rtcenginekit_appstore;
				"PROVISIONING_PROFILE_SPECIFIER[sdk=iphoneos*]" = vcsmodule_appstore;
				TARGETED_DEVICE_FAMILY = "1,2";
			};
			name = Release;
		};
		F4AA77B1288AA21900EBC0E7 /* Debug */ = {
			isa = XCBuildConfiguration;
			baseConfigurationReference = DC79C17754E2D6E2722D9EC1 /* Pods-VCSReplayBroadcastUpload.debug.xcconfig */;
			buildSettings = {
				CLANG_CXX_LANGUAGE_STANDARD = "gnu++17";
				CODE_SIGN_ENTITLEMENTS = VCSReplayBroadcastUpload/VCSReplayBroadcastUpload.entitlements;
				CODE_SIGN_IDENTITY = "iPhone Developer";
				CODE_SIGN_STYLE = Manual;
				CURRENT_PROJECT_VERSION = 202404161510;
				DEVELOPMENT_TEAM = RJ5C7D2C4E;
				"DEVELOPMENT_TEAM[sdk=iphoneos*]" = RJ5C7D2C4E;
				ENABLE_BITCODE = NO;
				FRAMEWORK_SEARCH_PATHS = (
					"$(inherited)",
					"$(PROJECT_DIR)/RTCEngineExample/Common/Vendors",
				);
				GENERATE_INFOPLIST_FILE = YES;
				INFOPLIST_FILE = VCSReplayBroadcastUpload/Info.plist;
				INFOPLIST_KEY_CFBundleDisplayName = "组件示例";
				INFOPLIST_KEY_NSHumanReadableCopyright = "Copyright © 2022 SailorGa. All rights reserved.";
				IPHONEOS_DEPLOYMENT_TARGET = 11.0;
				LD_RUNPATH_SEARCH_PATHS = "$(inherited) @executable_path/Frameworks @executable_path/../../Frameworks";
				MARKETING_VERSION = 1.0.0;
				PRODUCT_BUNDLE_IDENTIFIER = cn.seastart.vcsmodule.replayBroadcastUpload;
				PRODUCT_NAME = "$(TARGET_NAME)";
				PROVISIONING_PROFILE_SPECIFIER = rtcenginekitReplayBroadcastUpload_dev;
				"PROVISIONING_PROFILE_SPECIFIER[sdk=iphoneos*]" = vcsmoduleReplayBroadcastUpload_dev;
				SKIP_INSTALL = YES;
				SWIFT_EMIT_LOC_STRINGS = YES;
				TARGETED_DEVICE_FAMILY = "1,2";
			};
			name = Debug;
		};
		F4AA77B2288AA21900EBC0E7 /* Release */ = {
			isa = XCBuildConfiguration;
			baseConfigurationReference = 87A37EA1F3406A3FC7AB40F0 /* Pods-VCSReplayBroadcastUpload.release.xcconfig */;
			buildSettings = {
				CLANG_CXX_LANGUAGE_STANDARD = "gnu++17";
				CODE_SIGN_ENTITLEMENTS = VCSReplayBroadcastUpload/VCSReplayBroadcastUpload.entitlements;
				CODE_SIGN_IDENTITY = "iPhone Distribution";
				CODE_SIGN_STYLE = Manual;
				CURRENT_PROJECT_VERSION = 202404161510;
				DEVELOPMENT_TEAM = RJ5C7D2C4E;
				"DEVELOPMENT_TEAM[sdk=iphoneos*]" = RJ5C7D2C4E;
				ENABLE_BITCODE = NO;
				FRAMEWORK_SEARCH_PATHS = (
					"$(inherited)",
					"$(PROJECT_DIR)/RTCEngineExample/Common/Vendors",
				);
				GENERATE_INFOPLIST_FILE = YES;
				INFOPLIST_FILE = VCSReplayBroadcastUpload/Info.plist;
				INFOPLIST_KEY_CFBundleDisplayName = "组件示例";
				INFOPLIST_KEY_NSHumanReadableCopyright = "Copyright © 2022 SailorGa. All rights reserved.";
				IPHONEOS_DEPLOYMENT_TARGET = 11.0;
				LD_RUNPATH_SEARCH_PATHS = "$(inherited) @executable_path/Frameworks @executable_path/../../Frameworks";
				MARKETING_VERSION = 1.0.0;
				PRODUCT_BUNDLE_IDENTIFIER = cn.seastart.vcsmodule.replayBroadcastUpload;
				PRODUCT_NAME = "$(TARGET_NAME)";
				PROVISIONING_PROFILE_SPECIFIER = rtcenginekitReplayBroadcastUpload_appstore;
				"PROVISIONING_PROFILE_SPECIFIER[sdk=iphoneos*]" = vcsmoduleReplayBroadcastUpload_appstore;
				SKIP_INSTALL = YES;
				SWIFT_EMIT_LOC_STRINGS = YES;
				TARGETED_DEVICE_FAMILY = "1,2";
			};
			name = Release;
		};
		F4AA77B3288AA21900EBC0E7 /* Adhoc */ = {
			isa = XCBuildConfiguration;
			baseConfigurationReference = 59720EABF86016000D76241C /* Pods-VCSReplayBroadcastUpload.adhoc.xcconfig */;
			buildSettings = {
				CLANG_CXX_LANGUAGE_STANDARD = "gnu++17";
				CODE_SIGN_ENTITLEMENTS = VCSReplayBroadcastUpload/VCSReplayBroadcastUpload.entitlements;
				CODE_SIGN_IDENTITY = "iPhone Distribution";
				CODE_SIGN_STYLE = Manual;
				CURRENT_PROJECT_VERSION = 202404161510;
				DEVELOPMENT_TEAM = RJ5C7D2C4E;
				"DEVELOPMENT_TEAM[sdk=iphoneos*]" = RJ5C7D2C4E;
				ENABLE_BITCODE = NO;
				FRAMEWORK_SEARCH_PATHS = (
					"$(inherited)",
					"$(PROJECT_DIR)/RTCEngineExample/Common/Vendors",
				);
				GENERATE_INFOPLIST_FILE = YES;
				INFOPLIST_FILE = VCSReplayBroadcastUpload/Info.plist;
				INFOPLIST_KEY_CFBundleDisplayName = "组件示例";
				INFOPLIST_KEY_NSHumanReadableCopyright = "Copyright © 2022 SailorGa. All rights reserved.";
				IPHONEOS_DEPLOYMENT_TARGET = 11.0;
				LD_RUNPATH_SEARCH_PATHS = "$(inherited) @executable_path/Frameworks @executable_path/../../Frameworks";
				MARKETING_VERSION = 1.0.0;
				PRODUCT_BUNDLE_IDENTIFIER = cn.seastart.vcsmodule.replayBroadcastUpload;
				PRODUCT_NAME = "$(TARGET_NAME)";
				PROVISIONING_PROFILE_SPECIFIER = rtcenginekitReplayBroadcastUpload_adhoc;
				"PROVISIONING_PROFILE_SPECIFIER[sdk=iphoneos*]" = vcsmoduleReplayBroadcastUpload_adhoc;
				SKIP_INSTALL = YES;
				SWIFT_EMIT_LOC_STRINGS = YES;
				TARGETED_DEVICE_FAMILY = "1,2";
			};
			name = Adhoc;
		};
		F4DB78AB2726D35E00CC954E /* Adhoc */ = {
			isa = XCBuildConfiguration;
			buildSettings = {
				ALWAYS_SEARCH_USER_PATHS = NO;
				CLANG_ANALYZER_NONNULL = YES;
				CLANG_ANALYZER_NUMBER_OBJECT_CONVERSION = YES_AGGRESSIVE;
				CLANG_CXX_LANGUAGE_STANDARD = "gnu++14";
				CLANG_CXX_LIBRARY = "libc++";
				CLANG_ENABLE_MODULES = YES;
				CLANG_ENABLE_OBJC_ARC = YES;
				CLANG_ENABLE_OBJC_WEAK = YES;
				CLANG_WARN_BLOCK_CAPTURE_AUTORELEASING = YES;
				CLANG_WARN_BOOL_CONVERSION = YES;
				CLANG_WARN_COMMA = YES;
				CLANG_WARN_CONSTANT_CONVERSION = YES;
				CLANG_WARN_DEPRECATED_OBJC_IMPLEMENTATIONS = YES;
				CLANG_WARN_DIRECT_OBJC_ISA_USAGE = YES_ERROR;
				CLANG_WARN_DOCUMENTATION_COMMENTS = YES;
				CLANG_WARN_EMPTY_BODY = YES;
				CLANG_WARN_ENUM_CONVERSION = YES;
				CLANG_WARN_INFINITE_RECURSION = YES;
				CLANG_WARN_INT_CONVERSION = YES;
				CLANG_WARN_NON_LITERAL_NULL_CONVERSION = YES;
				CLANG_WARN_OBJC_IMPLICIT_RETAIN_SELF = YES;
				CLANG_WARN_OBJC_LITERAL_CONVERSION = YES;
				CLANG_WARN_OBJC_ROOT_CLASS = YES_ERROR;
				CLANG_WARN_QUOTED_INCLUDE_IN_FRAMEWORK_HEADER = YES;
				CLANG_WARN_RANGE_LOOP_ANALYSIS = YES;
				CLANG_WARN_STRICT_PROTOTYPES = YES;
				CLANG_WARN_SUSPICIOUS_MOVE = YES;
				CLANG_WARN_UNGUARDED_AVAILABILITY = YES_AGGRESSIVE;
				CLANG_WARN_UNREACHABLE_CODE = YES;
				CLANG_WARN__DUPLICATE_METHOD_MATCH = YES;
				COPY_PHASE_STRIP = NO;
				DEBUG_INFORMATION_FORMAT = "dwarf-with-dsym";
				ENABLE_NS_ASSERTIONS = NO;
				ENABLE_STRICT_OBJC_MSGSEND = YES;
				GCC_C_LANGUAGE_STANDARD = gnu11;
				GCC_NO_COMMON_BLOCKS = YES;
				GCC_WARN_64_TO_32_BIT_CONVERSION = YES;
				GCC_WARN_ABOUT_RETURN_TYPE = YES_ERROR;
				GCC_WARN_UNDECLARED_SELECTOR = YES;
				GCC_WARN_UNINITIALIZED_AUTOS = YES_AGGRESSIVE;
				GCC_WARN_UNUSED_FUNCTION = YES;
				GCC_WARN_UNUSED_VARIABLE = YES;
				IPHONEOS_DEPLOYMENT_TARGET = 9.0;
				MTL_ENABLE_DEBUG_INFO = NO;
				MTL_FAST_MATH = YES;
				SDKROOT = iphoneos;
				VALIDATE_PRODUCT = YES;
			};
			name = Adhoc;
		};
		F4DB78AC2726D35E00CC954E /* Adhoc */ = {
			isa = XCBuildConfiguration;
			baseConfigurationReference = B46E56B7D6890A090BD344E8 /* Pods-VCSModuleExample.adhoc.xcconfig */;
			buildSettings = {
				ASSETCATALOG_COMPILER_APPICON_NAME = AppIcon;
				ASSETCATALOG_COMPILER_GLOBAL_ACCENT_COLOR_NAME = AccentColor;
				CODE_SIGN_ENTITLEMENTS = VCSModuleExample/Resources/VCSModuleExample.entitlements;
				CODE_SIGN_IDENTITY = "iPhone Distribution";
				CODE_SIGN_STYLE = Manual;
				CURRENT_PROJECT_VERSION = 202404161510;
				DEVELOPMENT_TEAM = RJ5C7D2C4E;
				"DEVELOPMENT_TEAM[sdk=iphoneos*]" = RJ5C7D2C4E;
				ENABLE_BITCODE = NO;
				EXCLUDED_ARCHS = armv7;
				FRAMEWORK_SEARCH_PATHS = "$(inherited)";
				GCC_PREFIX_HEADER = "VCSModuleExample/Resources/VCSModuleExample-Prefix.pch";
				INFOPLIST_FILE = "VCSModuleExample/Resources/VCSModuleExample-Info.plist";
				INFOPLIST_KEY_CFBundleDisplayName = "组件示例";
				IPHONEOS_DEPLOYMENT_TARGET = 10.0;
				LD_RUNPATH_SEARCH_PATHS = "$(inherited) @executable_path/Frameworks";
				MARKETING_VERSION = 1.0.0;
				OTHER_LDFLAGS = (
					"$(inherited)",
					"-ObjC",
					"-framework",
					"\"AFNetworking\"",
					"-framework",
					"\"CoreGraphics\"",
					"-framework",
					"\"Foundation\"",
					"-framework",
					"\"IQKeyboardManager\"",
					"-framework",
					"\"QuartzCore\"",
					"-framework",
					"\"ReactiveObjC\"",
					"-framework",
					"\"UIKit\"",
				);
				PRODUCT_BUNDLE_IDENTIFIER = cn.seastart.vcsmodule;
				PRODUCT_NAME = "$(TARGET_NAME)";
				PROVISIONING_PROFILE_SPECIFIER = rtcenginekit_adhoc;
				"PROVISIONING_PROFILE_SPECIFIER[sdk=iphoneos*]" = vcsmodule_adhoc;
				TARGETED_DEVICE_FAMILY = "1,2";
			};
			name = Adhoc;
		};
/* End XCBuildConfiguration section */

/* Begin XCConfigurationList section */
		F40B5CE526C27A6C00F42370 /* Build configuration list for PBXProject "VCSModuleExample" */ = {
			isa = XCConfigurationList;
			buildConfigurations = (
				F40B5D0126C27A6E00F42370 /* Debug */,
				F40B5D0226C27A6E00F42370 /* Release */,
				F4DB78AB2726D35E00CC954E /* Adhoc */,
			);
			defaultConfigurationIsVisible = 0;
			defaultConfigurationName = Release;
		};
		F40B5D0326C27A6E00F42370 /* Build configuration list for PBXNativeTarget "VCSModuleExample" */ = {
			isa = XCConfigurationList;
			buildConfigurations = (
				F40B5D0426C27A6E00F42370 /* Debug */,
				F40B5D0526C27A6E00F42370 /* Release */,
				F4DB78AC2726D35E00CC954E /* Adhoc */,
			);
			defaultConfigurationIsVisible = 0;
			defaultConfigurationName = Release;
		};
		F4AA77B8288AA21900EBC0E7 /* Build configuration list for PBXNativeTarget "VCSReplayBroadcastUpload" */ = {
			isa = XCConfigurationList;
			buildConfigurations = (
				F4AA77B1288AA21900EBC0E7 /* Debug */,
				F4AA77B2288AA21900EBC0E7 /* Release */,
				F4AA77B3288AA21900EBC0E7 /* Adhoc */,
			);
			defaultConfigurationIsVisible = 0;
			defaultConfigurationName = Release;
		};
/* End XCConfigurationList section */
	};
	rootObject = F40B5CE226C27A6C00F42370 /* Project object */;
}
